// !$*UTF8*$!
{
	archiveVersion = 1;
	classes = {
	};
	objectVersion = 77;
	objects = {

/* Begin PBXBuildFile section */
		F61AB32A2F41289F00BB69AF /* CJKKeyboardHacks.nocbundle in Bundle PlugIns */ = {isa = PBXBuildFile; fileRef = F61AB3182F41274E00BB69AF /* CJKKeyboardHacks.nocbundle */; settings = {ATTRIBUTES = (CodeSignOnCopy, RemoveHeadersOnCopy, ); }; };
		F61AB32E2F4146CF00BB69AF /* Gesu in Frameworks */ = {isa = PBXBuildFile; productRef = F61AB32D2F4146CF00BB69AF /* Gesu */; };
		F624FD752EE2A8E1007A68B3 /* NoctilucaPluginKit.framework in Frameworks */ = {isa = PBXBuildFile; fileRef = F624FD742EE2A8E1007A68B3 /* NoctilucaPluginKit.framework */; };
		F624FD762EE2A8E1007A68B3 /* NoctilucaPluginKit.framework in Embed Frameworks */ = {isa = PBXBuildFile; fileRef = F624FD742EE2A8E1007A68B3 /* NoctilucaPluginKit.framework */; settings = {ATTRIBUTES = (CodeSignOnCopy, RemoveHeadersOnCopy, ); }; };
		F624FD872EE2B2EA007A68B3 /* libpam.tbd in Frameworks */ = {isa = PBXBuildFile; fileRef = F624FD862EE2B2E6007A68B3 /* libpam.tbd */; };
		F625DABA2F41A8DE00AE4E2B /* Gesu in Embed Frameworks */ = {isa = PBXBuildFile; productRef = F62689442F1E50F60030D59B /* Gesu */; settings = {ATTRIBUTES = (CodeSignOnCopy, ); }; };
		F62689452F1E50F60030D59B /* Gesu in Frameworks */ = {isa = PBXBuildFile; productRef = F62689442F1E50F60030D59B /* Gesu */; };
		F627113F2F084EC200E8A3D7 /* libz.1.tbd in Frameworks */ = {isa = PBXBuildFile; fileRef = F627113E2F084EBB00E8A3D7 /* libz.1.tbd */; };
		F62711442F0852DE00E8A3D7 /* libzstd in Frameworks */ = {isa = PBXBuildFile; productRef = F62711432F0852DE00E8A3D7 /* libzstd */; };
		F6293EEC2F48138A0067CCFF /* ArgumentParser in Frameworks */ = {isa = PBXBuildFile; productRef = F6293EEB2F48138A0067CCFF /* ArgumentParser */; };
		F6293EFD2F4829DD0067CCFF /* XuanxueStatic in Frameworks */ = {isa = PBXBuildFile; productRef = F6293EFC2F4829DD0067CCFF /* XuanxueStatic */; };
		F6293EFF2F482F160067CCFF /* SiriusKitStatic in Frameworks */ = {isa = PBXBuildFile; productRef = F6293EFE2F482F160067CCFF /* SiriusKitStatic */; };
		F6379D3E2EE7D554004BC795 /* libbcrypt.framework in Frameworks */ = {isa = PBXBuildFile; fileRef = F6379D3D2EE7D554004BC795 /* libbcrypt.framework */; };
		F6379D3F2EE7D554004BC795 /* libbcrypt.framework in Embed Frameworks */ = {isa = PBXBuildFile; fileRef = F6379D3D2EE7D554004BC795 /* libbcrypt.framework */; settings = {ATTRIBUTES = (CodeSignOnCopy, RemoveHeadersOnCopy, ); }; };
		F6561F1C2F08C0CD0090BCB3 /* libturbojpeg.xcframework in Frameworks */ = {isa = PBXBuildFile; fileRef = F6561F1B2F08C0CD0090BCB3 /* libturbojpeg.xcframework */; };
		F6561F1D2F08C0CD0090BCB3 /* libturbojpeg.xcframework in Embed Frameworks */ = {isa = PBXBuildFile; fileRef = F6561F1B2F08C0CD0090BCB3 /* libturbojpeg.xcframework */; settings = {ATTRIBUTES = (CodeSignOnCopy, RemoveHeadersOnCopy, ); }; };
		F686CFEF2F3A265C004383CF /* SiriusKit in Embed Frameworks */ = {isa = PBXBuildFile; productRef = F6F98E7A2F306B5D0024513A /* SiriusKit */; settings = {ATTRIBUTES = (CodeSignOnCopy, ); }; };
		F686CFF42F3A34F6004383CF /* NoctilucaWebPEncoder in Frameworks */ = {isa = PBXBuildFile; productRef = F686CFF32F3A34F6004383CF /* NoctilucaWebPEncoder */; };
		F686CFF52F3A34F6004383CF /* NoctilucaWebPEncoder in Embed Frameworks */ = {isa = PBXBuildFile; productRef = F686CFF32F3A34F6004383CF /* NoctilucaWebPEncoder */; settings = {ATTRIBUTES = (CodeSignOnCopy, ); }; };
		F686CFF72F3A47B6004383CF /* Xuanxue in Embed Frameworks */ = {isa = PBXBuildFile; productRef = F69644AD2F32C4F20093CFC2 /* Xuanxue */; settings = {ATTRIBUTES = (CodeSignOnCopy, ); }; };
		F68F234A2F42AFF4000761AA /* Sparkle in Frameworks */ = {isa = PBXBuildFile; productRef = F68F23492F42AFF4000761AA /* Sparkle */; };
		F69644AE2F32C4F20093CFC2 /* Xuanxue in Frameworks */ = {isa = PBXBuildFile; productRef = F69644AD2F32C4F20093CFC2 /* Xuanxue */; };
		F696483B2F33AAF50093CFC2 /* AsyncAlgorithms in Frameworks */ = {isa = PBXBuildFile; productRef = F696483A2F33AAF50093CFC2 /* AsyncAlgorithms */; };
		F6ACB95A2F483DF10014D2A2 /* NoctilucaPluginKit.framework in Frameworks */ = {isa = PBXBuildFile; fileRef = F6ACB9592F483DF10014D2A2 /* NoctilucaPluginKit.framework */; };
		F6ACB95B2F483DF10014D2A2 /* NoctilucaPluginKit.framework in Embed Frameworks */ = {isa = PBXBuildFile; fileRef = F6ACB9592F483DF10014D2A2 /* NoctilucaPluginKit.framework */; settings = {ATTRIBUTES = (CodeSignOnCopy, RemoveHeadersOnCopy, ); }; };
		F6ACB9862F48418C0014D2A2 /* libpam.tbd in Frameworks */ = {isa = PBXBuildFile; fileRef = F624FD862EE2B2E6007A68B3 /* libpam.tbd */; };
		F6F98E7B2F306B5D0024513A /* SiriusKit in Frameworks */ = {isa = PBXBuildFile; productRef = F6F98E7A2F306B5D0024513A /* SiriusKit */; };
/* End PBXBuildFile section */

/* Begin PBXContainerItemProxy section */
		F61AB32B2F41293A00BB69AF /* PBXContainerItemProxy */ = {
			isa = PBXContainerItemProxy;
			containerPortal = F66965032ECF26770032EF4E /* Project object */;
			proxyType = 1;
			remoteGlobalIDString = F61AB3172F41274E00BB69AF;
			remoteInfo = CJKKeyboardHacks;
		};
		F659BDF62EF3C1730010A18E /* PBXContainerItemProxy */ = {
			isa = PBXContainerItemProxy;
			containerPortal = F66965032ECF26770032EF4E /* Project object */;
			proxyType = 1;
			remoteGlobalIDString = F669650A2ECF26770032EF4E;
			remoteInfo = NoctilucaServer;
		};
/* End PBXContainerItemProxy section */

/* Begin PBXCopyFilesBuildPhase section */
		F61AB3292F41288800BB69AF /* Bundle PlugIns */ = {
			isa = PBXCopyFilesBuildPhase;
			buildActionMask = 2147483647;
			dstPath = "";
			dstSubfolderSpec = 13;
			files = (
				F61AB32A2F41289F00BB69AF /* CJKKeyboardHacks.nocbundle in Bundle PlugIns */,
			);
			name = "Bundle PlugIns";
			runOnlyForDeploymentPostprocessing = 0;
		};
		F6293EE12F4813340067CCFF /* CopyFiles */ = {
			isa = PBXCopyFilesBuildPhase;
			buildActionMask = 2147483647;
			dstPath = /usr/share/man/man1/;
			dstSubfolderSpec = 0;
			files = (
			);
			runOnlyForDeploymentPostprocessing = 1;
		};
		F6293EF02F481AC00067CCFF /* Embed Frameworks */ = {
			isa = PBXCopyFilesBuildPhase;
			buildActionMask = 2147483647;
			dstPath = "";
			dstSubfolderSpec = 10;
			files = (
				F6ACB95B2F483DF10014D2A2 /* NoctilucaPluginKit.framework in Embed Frameworks */,
			);
			name = "Embed Frameworks";
			runOnlyForDeploymentPostprocessing = 0;
		};
		F66965392ECF27110032EF4E /* Embed Frameworks */ = {
			isa = PBXCopyFilesBuildPhase;
			buildActionMask = 2147483647;
			dstPath = "";
			dstSubfolderSpec = 10;
			files = (
				F686CFF52F3A34F6004383CF /* NoctilucaWebPEncoder in Embed Frameworks */,
				F686CFEF2F3A265C004383CF /* SiriusKit in Embed Frameworks */,
				F6561F1D2F08C0CD0090BCB3 /* libturbojpeg.xcframework in Embed Frameworks */,
				F686CFF72F3A47B6004383CF /* Xuanxue in Embed Frameworks */,
				F6379D3F2EE7D554004BC795 /* libbcrypt.framework in Embed Frameworks */,
				F624FD762EE2A8E1007A68B3 /* NoctilucaPluginKit.framework in Embed Frameworks */,
				F625DABA2F41A8DE00AE4E2B /* Gesu in Embed Frameworks */,
			);
			name = "Embed Frameworks";
			runOnlyForDeploymentPostprocessing = 0;
		};
/* End PBXCopyFilesBuildPhase section */

/* Begin PBXFileReference section */
		F61AB3182F41274E00BB69AF /* CJKKeyboardHacks.nocbundle */ = {isa = PBXFileReference; explicitFileType = wrapper.cfbundle; includeInIndex = 0; path = CJKKeyboardHacks.nocbundle; sourceTree = BUILT_PRODUCTS_DIR; };
		F624FD742EE2A8E1007A68B3 /* NoctilucaPluginKit.framework */ = {isa = PBXFileReference; explicitFileType = wrapper.framework; path = NoctilucaPluginKit.framework; sourceTree = BUILT_PRODUCTS_DIR; };
		F624FD862EE2B2E6007A68B3 /* libpam.tbd */ = {isa = PBXFileReference; lastKnownFileType = "sourcecode.text-based-dylib-definition"; name = libpam.tbd; path = usr/lib/libpam.tbd; sourceTree = SDKROOT; };
		F627113E2F084EBB00E8A3D7 /* libz.1.tbd */ = {isa = PBXFileReference; lastKnownFileType = "sourcecode.text-based-dylib-definition"; name = libz.1.tbd; path = usr/lib/libz.1.tbd; sourceTree = SDKROOT; };
		F6293EE32F4813340067CCFF /* noctilucad */ = {isa = PBXFileReference; explicitFileType = "compiled.mach-o.executable"; includeInIndex = 0; path = noctilucad; sourceTree = BUILT_PRODUCTS_DIR; };
		F6379D3D2EE7D554004BC795 /* libbcrypt.framework */ = {isa = PBXFileReference; explicitFileType = wrapper.framework; path = libbcrypt.framework; sourceTree = BUILT_PRODUCTS_DIR; };
		F6561F1B2F08C0CD0090BCB3 /* libturbojpeg.xcframework */ = {isa = PBXFileReference; lastKnownFileType = wrapper.xcframework; name = libturbojpeg.xcframework; path = frameworks/libturbojpeg.xcframework; sourceTree = "<group>"; };
		F659BDF22EF3C1730010A18E /* NoctilucaServerTests.xctest */ = {isa = PBXFileReference; explicitFileType = wrapper.cfbundle; includeInIndex = 0; path = NoctilucaServerTests.xctest; sourceTree = BUILT_PRODUCTS_DIR; };
		F669650B2ECF26770032EF4E /* NoctilucaServer.app */ = {isa = PBXFileReference; explicitFileType = wrapper.application; includeInIndex = 0; path = NoctilucaServer.app; sourceTree = BUILT_PRODUCTS_DIR; };
		F66965362ECF27110032EF4E /* SiriusKit.framework */ = {isa = PBXFileReference; explicitFileType = wrapper.framework; path = SiriusKit.framework; sourceTree = BUILT_PRODUCTS_DIR; };
		F6ACB9592F483DF10014D2A2 /* NoctilucaPluginKit.framework */ = {isa = PBXFileReference; explicitFileType = wrapper.framework; path = NoctilucaPluginKit.framework; sourceTree = BUILT_PRODUCTS_DIR; };
		F6B2AB742F2A6DC500B7CF41 /* WebP.xcframework */ = {isa = PBXFileReference; lastKnownFileType = wrapper.xcframework; name = WebP.xcframework; path = frameworks/WebP.xcframework; sourceTree = "<group>"; };
		F6B2AB7E2F2A736300B7CF41 /* SharpYuv.xcframework */ = {isa = PBXFileReference; lastKnownFileType = wrapper.xcframework; name = SharpYuv.xcframework; path = frameworks/SharpYuv.xcframework; sourceTree = "<group>"; };
/* End PBXFileReference section */

/* Begin PBXFileSystemSynchronizedBuildFileExceptionSet section */
		F624FDB72EE2D41B007A68B3 /* Exceptions for "NoctilucaServer" folder in "NoctilucaServer" target */ = {
			isa = PBXFileSystemSynchronizedBuildFileExceptionSet;
			membershipExceptions = (
				.claude/settings.local.json,
				AGENTS.md,
				CLAUDE.md,
				GEMINI.md,
				Info.plist,
			);
			target = F669650A2ECF26770032EF4E /* NoctilucaServer */;
		};
		F64C01172F1BA295009781D8 /* Exceptions for "distutil" folder in "NoctilucaServer" target */ = {
			isa = PBXFileSystemSynchronizedBuildFileExceptionSet;
			membershipExceptions = (
				"/Localized: installer-templates/Resources/license.html",
				"/Localized: installer-templates/Resources/Localizable.strings",
				build_client.sh,
				build.sh,
				"installer-templates/distribution.xml",
				"installer-templates/Resources/Localizable.strings",
				"installer-templates/Resources/readme.html",
			);
			target = F669650A2ECF26770032EF4E /* NoctilucaServer */;
		};
		F6682C6B2F445AC70042F213 /* Exceptions for "pam.d" folder in "NoctilucaServer" target */ = {
			isa = PBXFileSystemSynchronizedBuildFileExceptionSet;
			membershipExceptions = (
				noctiluca,
			);
			target = F669650A2ECF26770032EF4E /* NoctilucaServer */;
		};
		F6ACB9552F483D9D0014D2A2 /* Exceptions for "NoctilucaServer" folder in "noctilucad" target */ = {
			isa = PBXFileSystemSynchronizedBuildFileExceptionSet;
			membershipExceptions = (
				auth/Authenticator.swift,
				"auth/AuthEntry+Codable.swift",
				"auth/AuthMethod+NoctilucaServer.swift",
				auth/AuthPluginRegistry.swift,
				"auth/AuthPluginV1+static.swift",
				auth/Bcrypt.swift,
				auth/BuiltInAuthPluginV1.swift,
				auth/Passwd.swift,
				NoctilucaMeta.swift,
				plugins/builtins/auth/NoctilucaCoreAuth.swift,
				plugins/builtins/auth/plugins/NullAuthPlugin.swift,
				plugins/builtins/auth/plugins/pam/PAMAuthPlugin.mm,
				plugins/builtins/auth/plugins/pam/PAMAuthPlugin.swift,
				plugins/builtins/auth/plugins/SimplePasswordAuthPlugin.swift,
				plugins/builtins/auth/plugins/ssh/SSHAuthPlugin.swift,
				plugins/builtins/BuiltinPluginBundleMetadata.swift,
				"plugins/builtins/PluginBundleRegistry+Builtins.swift",
				"plugins/bundle-system/PluginBundleCodeSigningVerifier.swift",
				"plugins/bundle-system/PluginBundleMetadata.swift",
				"plugins/bundle-system/PluginBundleMetadataInfoPlist.swift",
				"plugins/bundle-system/PluginBundleRegistry.swift",
				"plugins/bundle-system/PluginBundleSecurityPolicy.swift",
				"plugins/bundle-system/SoftwareLicense+SPDX.swift",
				server/identity/TLSIdentity.swift,
				"server/identity/TLSIdentity+load.swift",
				utils/MsQuicLoader.swift,
				utils/NoctilucaLogger.swift,
			);
			target = F6293EE22F4813340067CCFF /* noctilucad */;
		};
		F6ACB9742F483E4B0014D2A2 /* Exceptions for "models" folder in "NoctilucaServer" target */ = {
			isa = PBXFileSystemSynchronizedBuildFileExceptionSet;
			membershipExceptions = (
				settings/DaemonSettings.swift,
				settings/GeneralSettings.swift,
				settings/LoggingSettings.swift,
				settings/MiscSettings.swift,
				settings/SecuritySettings.swift,
			);
			target = F669650A2ECF26770032EF4E /* NoctilucaServer */;
		};
		F6ACB9752F483E4B0014D2A2 /* Exceptions for "models" folder in "noctilucad" target */ = {
			isa = PBXFileSystemSynchronizedBuildFileExceptionSet;
			membershipExceptions = (
				settings/DaemonSettings.swift,
				settings/GeneralSettings.swift,
				settings/LoggingSettings.swift,
				settings/MiscSettings.swift,
				settings/SecuritySettings.swift,
			);
			target = F6293EE22F4813340067CCFF /* noctilucad */;
		};
/* End PBXFileSystemSynchronizedBuildFileExceptionSet section */

/* Begin PBXFileSystemSynchronizedRootGroup section */
		F61AB31C2F41275F00BB69AF /* CJKKeyboardHacks */ = {
			isa = PBXFileSystemSynchronizedRootGroup;
			path = CJKKeyboardHacks;
			sourceTree = "<group>";
		};
		F6293EE42F4813340067CCFF /* noctilucad */ = {
			isa = PBXFileSystemSynchronizedRootGroup;
			path = noctilucad;
			sourceTree = "<group>";
		};
		F6379F9C2EEAAFD9004BC795 /* pam.d */ = {
			isa = PBXFileSystemSynchronizedRootGroup;
			exceptions = (
				F6682C6B2F445AC70042F213 /* Exceptions for "pam.d" folder in "NoctilucaServer" target */,
			);
			path = pam.d;
			sourceTree = "<group>";
		};
		F64C01132F1B98E1009781D8 /* distutil */ = {
			isa = PBXFileSystemSynchronizedRootGroup;
			exceptions = (
				F64C01172F1BA295009781D8 /* Exceptions for "distutil" folder in "NoctilucaServer" target */,
			);
			path = distutil;
			sourceTree = "<group>";
		};
		F659BDF32EF3C1730010A18E /* NoctilucaServerTests */ = {
			isa = PBXFileSystemSynchronizedRootGroup;
			path = NoctilucaServerTests;
			sourceTree = "<group>";
		};
		F669650D2ECF26770032EF4E /* NoctilucaServer */ = {
			isa = PBXFileSystemSynchronizedRootGroup;
			exceptions = (
				F624FDB72EE2D41B007A68B3 /* Exceptions for "NoctilucaServer" folder in "NoctilucaServer" target */,
				F6ACB9552F483D9D0014D2A2 /* Exceptions for "NoctilucaServer" folder in "noctilucad" target */,
			);
			path = NoctilucaServer;
			sourceTree = "<group>";
		};
		F6ACB9652F483E3D0014D2A2 /* models */ = {
			isa = PBXFileSystemSynchronizedRootGroup;
			exceptions = (
				F6ACB9742F483E4B0014D2A2 /* Exceptions for "models" folder in "NoctilucaServer" target */,
				F6ACB9752F483E4B0014D2A2 /* Exceptions for "models" folder in "noctilucad" target */,
			);
			path = models;
			sourceTree = "<group>";
		};
		F6ACB98C2F4851E50014D2A2 /* xpc */ = {
			isa = PBXFileSystemSynchronizedRootGroup;
			path = xpc;
			sourceTree = "<group>";
		};
/* End PBXFileSystemSynchronizedRootGroup section */

/* Begin PBXFrameworksBuildPhase section */
		F61AB3152F41274E00BB69AF /* Frameworks */ = {
			isa = PBXFrameworksBuildPhase;
			buildActionMask = 2147483647;
			files = (
				F61AB32E2F4146CF00BB69AF /* Gesu in Frameworks */,
			);
			runOnlyForDeploymentPostprocessing = 0;
		};
		F6293EE02F4813340067CCFF /* Frameworks */ = {
			isa = PBXFrameworksBuildPhase;
			buildActionMask = 2147483647;
			files = (
				F6293EEC2F48138A0067CCFF /* ArgumentParser in Frameworks */,
				F6ACB9862F48418C0014D2A2 /* libpam.tbd in Frameworks */,
				F6ACB95A2F483DF10014D2A2 /* NoctilucaPluginKit.framework in Frameworks */,
				F6293EFF2F482F160067CCFF /* SiriusKitStatic in Frameworks */,
				F6293EFD2F4829DD0067CCFF /* XuanxueStatic in Frameworks */,
			);
			runOnlyForDeploymentPostprocessing = 0;
		};
		F659BDEF2EF3C1730010A18E /* Frameworks */ = {
			isa = PBXFrameworksBuildPhase;
			buildActionMask = 2147483647;
			files = (
			);
			runOnlyForDeploymentPostprocessing = 0;
		};
		F66965082ECF26770032EF4E /* Frameworks */ = {
			isa = PBXFrameworksBuildPhase;
			buildActionMask = 2147483647;
			files = (
				F686CFF42F3A34F6004383CF /* NoctilucaWebPEncoder in Frameworks */,
				F624FD872EE2B2EA007A68B3 /* libpam.tbd in Frameworks */,
				F69644AE2F32C4F20093CFC2 /* Xuanxue in Frameworks */,
				F627113F2F084EC200E8A3D7 /* libz.1.tbd in Frameworks */,
				F6F98E7B2F306B5D0024513A /* SiriusKit in Frameworks */,
				F6561F1C2F08C0CD0090BCB3 /* libturbojpeg.xcframework in Frameworks */,
				F62689452F1E50F60030D59B /* Gesu in Frameworks */,
				F62711442F0852DE00E8A3D7 /* libzstd in Frameworks */,
				F6379D3E2EE7D554004BC795 /* libbcrypt.framework in Frameworks */,
				F68F234A2F42AFF4000761AA /* Sparkle in Frameworks */,
				F624FD752EE2A8E1007A68B3 /* NoctilucaPluginKit.framework in Frameworks */,
				F696483B2F33AAF50093CFC2 /* AsyncAlgorithms in Frameworks */,
			);
			runOnlyForDeploymentPostprocessing = 0;
		};
/* End PBXFrameworksBuildPhase section */

/* Begin PBXGroup section */
		F66965022ECF26770032EF4E = {
			isa = PBXGroup;
			children = (
				F6ACB95C2F483E2A0014D2A2 /* NocServerCommons */,
				F61AB31C2F41275F00BB69AF /* CJKKeyboardHacks */,
				F64C01132F1B98E1009781D8 /* distutil */,
				F6379F9C2EEAAFD9004BC795 /* pam.d */,
				F669650D2ECF26770032EF4E /* NoctilucaServer */,
				F659BDF32EF3C1730010A18E /* NoctilucaServerTests */,
				F6293EE42F4813340067CCFF /* noctilucad */,
				F66965352ECF27110032EF4E /* Frameworks */,
				F669650C2ECF26770032EF4E /* Products */,
			);
			sourceTree = "<group>";
		};
		F669650C2ECF26770032EF4E /* Products */ = {
			isa = PBXGroup;
			children = (
				F669650B2ECF26770032EF4E /* NoctilucaServer.app */,
				F659BDF22EF3C1730010A18E /* NoctilucaServerTests.xctest */,
				F61AB3182F41274E00BB69AF /* CJKKeyboardHacks.nocbundle */,
				F6293EE32F4813340067CCFF /* noctilucad */,
			);
			name = Products;
			sourceTree = "<group>";
		};
		F66965352ECF27110032EF4E /* Frameworks */ = {
			isa = PBXGroup;
			children = (
				F6ACB9592F483DF10014D2A2 /* NoctilucaPluginKit.framework */,
				F6561F1B2F08C0CD0090BCB3 /* libturbojpeg.xcframework */,
				F627113E2F084EBB00E8A3D7 /* libz.1.tbd */,
				F6379D3D2EE7D554004BC795 /* libbcrypt.framework */,
				F624FD862EE2B2E6007A68B3 /* libpam.tbd */,
				F6B2AB742F2A6DC500B7CF41 /* WebP.xcframework */,
				F624FD742EE2A8E1007A68B3 /* NoctilucaPluginKit.framework */,
				F6B2AB7E2F2A736300B7CF41 /* SharpYuv.xcframework */,
				F66965362ECF27110032EF4E /* SiriusKit.framework */,
			);
			name = Frameworks;
			sourceTree = "<group>";
		};
		F6ACB95C2F483E2A0014D2A2 /* NocServerCommons */ = {
			isa = PBXGroup;
			children = (
				F6ACB98C2F4851E50014D2A2 /* xpc */,
				F6ACB9652F483E3D0014D2A2 /* models */,
			);
			path = NocServerCommons;
			sourceTree = "<group>";
		};
/* End PBXGroup section */

/* Begin PBXNativeTarget section */
		F61AB3172F41274E00BB69AF /* CJKKeyboardHacks */ = {
			isa = PBXNativeTarget;
			buildConfigurationList = F61AB3192F41274E00BB69AF /* Build configuration list for PBXNativeTarget "CJKKeyboardHacks" */;
			buildPhases = (
				F61AB3142F41274E00BB69AF /* Sources */,
				F61AB3152F41274E00BB69AF /* Frameworks */,
				F61AB3162F41274E00BB69AF /* Resources */,
			);
			buildRules = (
			);
			dependencies = (
			);
			fileSystemSynchronizedGroups = (
				F61AB31C2F41275F00BB69AF /* CJKKeyboardHacks */,
			);
			name = CJKKeyboardHacks;
			packageProductDependencies = (
				F61AB32D2F4146CF00BB69AF /* Gesu */,
			);
			productName = CJKKeyboardHacks;
			productReference = F61AB3182F41274E00BB69AF /* CJKKeyboardHacks.nocbundle */;
			productType = "com.apple.product-type.bundle";
		};
		F6293EE22F4813340067CCFF /* noctilucad */ = {
			isa = PBXNativeTarget;
			buildConfigurationList = F6293EE72F4813340067CCFF /* Build configuration list for PBXNativeTarget "noctilucad" */;
			buildPhases = (
				F6293EDF2F4813340067CCFF /* Sources */,
				F6293EE02F4813340067CCFF /* Frameworks */,
				F6293EE12F4813340067CCFF /* CopyFiles */,
				F6293EF02F481AC00067CCFF /* Embed Frameworks */,
			);
			buildRules = (
			);
			dependencies = (
			);
			fileSystemSynchronizedGroups = (
				F6293EE42F4813340067CCFF /* noctilucad */,
				F6ACB98C2F4851E50014D2A2 /* xpc */,
			);
			name = noctilucad;
			packageProductDependencies = (
				F6293EEB2F48138A0067CCFF /* ArgumentParser */,
				F6293EFC2F4829DD0067CCFF /* XuanxueStatic */,
				F6293EFE2F482F160067CCFF /* SiriusKitStatic */,
			);
			productName = noctilucad;
			productReference = F6293EE32F4813340067CCFF /* noctilucad */;
			productType = "com.apple.product-type.tool";
		};
		F659BDF12EF3C1730010A18E /* NoctilucaServerTests */ = {
			isa = PBXNativeTarget;
			buildConfigurationList = F659BDFA2EF3C1730010A18E /* Build configuration list for PBXNativeTarget "NoctilucaServerTests" */;
			buildPhases = (
				F659BDEE2EF3C1730010A18E /* Sources */,
				F659BDEF2EF3C1730010A18E /* Frameworks */,
				F659BDF02EF3C1730010A18E /* Resources */,
			);
			buildRules = (
			);
			dependencies = (
				F659BDF72EF3C1730010A18E /* PBXTargetDependency */,
			);
			fileSystemSynchronizedGroups = (
				F659BDF32EF3C1730010A18E /* NoctilucaServerTests */,
			);
			name = NoctilucaServerTests;
			packageProductDependencies = (
			);
			productName = NoctilucaServerTests;
			productReference = F659BDF22EF3C1730010A18E /* NoctilucaServerTests.xctest */;
			productType = "com.apple.product-type.bundle.unit-test";
		};
		F669650A2ECF26770032EF4E /* NoctilucaServer */ = {
			isa = PBXNativeTarget;
			buildConfigurationList = F66965162ECF26780032EF4E /* Build configuration list for PBXNativeTarget "NoctilucaServer" */;
			buildPhases = (
				F66965072ECF26770032EF4E /* Sources */,
				F66965082ECF26770032EF4E /* Frameworks */,
				F66965092ECF26770032EF4E /* Resources */,
				F66965392ECF27110032EF4E /* Embed Frameworks */,
				F61AB3292F41288800BB69AF /* Bundle PlugIns */,
			);
			buildRules = (
			);
			dependencies = (
				F61AB32C2F41293A00BB69AF /* PBXTargetDependency */,
			);
			fileSystemSynchronizedGroups = (
				F6379F9C2EEAAFD9004BC795 /* pam.d */,
				F64C01132F1B98E1009781D8 /* distutil */,
				F669650D2ECF26770032EF4E /* NoctilucaServer */,
				F6ACB98C2F4851E50014D2A2 /* xpc */,
			);
			name = NoctilucaServer;
			packageProductDependencies = (
				F62711432F0852DE00E8A3D7 /* libzstd */,
				F62689442F1E50F60030D59B /* Gesu */,
				F6F98E7A2F306B5D0024513A /* SiriusKit */,
				F69644AD2F32C4F20093CFC2 /* Xuanxue */,
				F696483A2F33AAF50093CFC2 /* AsyncAlgorithms */,
				F686CFF32F3A34F6004383CF /* NoctilucaWebPEncoder */,
				F68F23492F42AFF4000761AA /* Sparkle */,
			);
			productName = NoctilucaServer;
			productReference = F669650B2ECF26770032EF4E /* NoctilucaServer.app */;
			productType = "com.apple.product-type.application";
		};
/* End PBXNativeTarget section */

/* Begin PBXProject section */
		F66965032ECF26770032EF4E /* Project object */ = {
			isa = PBXProject;
			attributes = {
				BuildIndependentTargetsInParallel = 1;
				LastSwiftUpdateCheck = 2620;
				LastUpgradeCheck = 2610;
				TargetAttributes = {
					F61AB3172F41274E00BB69AF = {
						CreatedOnToolsVersion = 26.1;
					};
					F6293EE22F4813340067CCFF = {
						CreatedOnToolsVersion = 26.2;
					};
					F659BDF12EF3C1730010A18E = {
						CreatedOnToolsVersion = 26.1;
						TestTargetID = F669650A2ECF26770032EF4E;
					};
					F669650A2ECF26770032EF4E = {
						CreatedOnToolsVersion = 26.1;
						LastSwiftMigration = 2610;
					};
				};
			};
			buildConfigurationList = F66965062ECF26770032EF4E /* Build configuration list for PBXProject "NoctilucaServer" */;
			developmentRegion = ko;
			hasScannedForEncodings = 0;
			knownRegions = (
				en,
				Base,
				ko,
				ja,
			);
			mainGroup = F66965022ECF26770032EF4E;
			minimizedProjectReferenceProxies = 1;
			packageReferences = (
				F62711422F0852DE00E8A3D7 /* XCRemoteSwiftPackageReference "zstd" */,
				F63971222F1CCA4400F01622 /* XCRemoteSwiftPackageReference "Xuanxue" */,
				F69648392F33AAF50093CFC2 /* XCRemoteSwiftPackageReference "swift-async-algorithms" */,
				F68F23482F42AFF4000761AA /* XCRemoteSwiftPackageReference "Sparkle" */,
				F6293EEA2F48138A0067CCFF /* XCRemoteSwiftPackageReference "swift-argument-parser" */,
			);
			preferredProjectObjectVersion = 77;
			productRefGroup = F669650C2ECF26770032EF4E /* Products */;
			projectDirPath = "";
			projectRoot = "";
			targets = (
				F669650A2ECF26770032EF4E /* NoctilucaServer */,
				F659BDF12EF3C1730010A18E /* NoctilucaServerTests */,
				F61AB3172F41274E00BB69AF /* CJKKeyboardHacks */,
				F6293EE22F4813340067CCFF /* noctilucad */,
			);
		};
/* End PBXProject section */

/* Begin PBXResourcesBuildPhase section */
		F61AB3162F41274E00BB69AF /* Resources */ = {
			isa = PBXResourcesBuildPhase;
			buildActionMask = 2147483647;
			files = (
			);
			runOnlyForDeploymentPostprocessing = 0;
		};
		F659BDF02EF3C1730010A18E /* Resources */ = {
			isa = PBXResourcesBuildPhase;
			buildActionMask = 2147483647;
			files = (
			);
			runOnlyForDeploymentPostprocessing = 0;
		};
		F66965092ECF26770032EF4E /* Resources */ = {
			isa = PBXResourcesBuildPhase;
			buildActionMask = 2147483647;
			files = (
			);
			runOnlyForDeploymentPostprocessing = 0;
		};
/* End PBXResourcesBuildPhase section */

/* Begin PBXSourcesBuildPhase section */
		F61AB3142F41274E00BB69AF /* Sources */ = {
			isa = PBXSourcesBuildPhase;
			buildActionMask = 2147483647;
			files = (
			);
			runOnlyForDeploymentPostprocessing = 0;
		};
		F6293EDF2F4813340067CCFF /* Sources */ = {
			isa = PBXSourcesBuildPhase;
			buildActionMask = 2147483647;
			files = (
			);
			runOnlyForDeploymentPostprocessing = 0;
		};
		F659BDEE2EF3C1730010A18E /* Sources */ = {
			isa = PBXSourcesBuildPhase;
			buildActionMask = 2147483647;
			files = (
			);
			runOnlyForDeploymentPostprocessing = 0;
		};
		F66965072ECF26770032EF4E /* Sources */ = {
			isa = PBXSourcesBuildPhase;
			buildActionMask = 2147483647;
			files = (
			);
			runOnlyForDeploymentPostprocessing = 0;
		};
/* End PBXSourcesBuildPhase section */

/* Begin PBXTargetDependency section */
		F61AB32C2F41293A00BB69AF /* PBXTargetDependency */ = {
			isa = PBXTargetDependency;
			target = F61AB3172F41274E00BB69AF /* CJKKeyboardHacks */;
			targetProxy = F61AB32B2F41293A00BB69AF /* PBXContainerItemProxy */;
		};
		F659BDF72EF3C1730010A18E /* PBXTargetDependency */ = {
			isa = PBXTargetDependency;
			target = F669650A2ECF26770032EF4E /* NoctilucaServer */;
			targetProxy = F659BDF62EF3C1730010A18E /* PBXContainerItemProxy */;
		};
/* End PBXTargetDependency section */

/* Begin XCBuildConfiguration section */
		F61AB31A2F41274E00BB69AF /* Debug */ = {
			isa = XCBuildConfiguration;
			buildSettings = {
				CODE_SIGN_STYLE = Automatic;
				COMBINE_HIDPI_IMAGES = YES;
				CURRENT_PROJECT_VERSION = 1;
				DEVELOPMENT_TEAM = XHA76UVA95;
				GENERATE_INFOPLIST_FILE = YES;
				INFOPLIST_FILE = CJKKeyboardHacks/Info.plist;
				INFOPLIST_KEY_CFBundleDisplayName = "CJK Keyboard Hack Bundle";
				INFOPLIST_KEY_NSHumanReadableCopyright = "";
				INFOPLIST_KEY_NSPrincipalClass = CJKKeyboardHacks.CJKKeyboardHacksBundle;
				INSTALL_PATH = "$(LOCAL_LIBRARY_DIR)/Bundles";
				MACOSX_DEPLOYMENT_TARGET = 14.0;
				MARKETING_VERSION = 1.0;
				PRODUCT_BUNDLE_IDENTIFIER = app.noctiluca.server.bundles.CJKKeyboardHacks;
				PRODUCT_NAME = "$(TARGET_NAME)";
				SKIP_INSTALL = YES;
				STRING_CATALOG_GENERATE_SYMBOLS = YES;
				SWIFT_EMIT_LOC_STRINGS = YES;
				SWIFT_VERSION = 5.0;
				WRAPPER_EXTENSION = nocbundle;
			};
			name = Debug;
		};
		F61AB31B2F41274E00BB69AF /* Release */ = {
			isa = XCBuildConfiguration;
			buildSettings = {
				CODE_SIGN_STYLE = Automatic;
				COMBINE_HIDPI_IMAGES = YES;
				CURRENT_PROJECT_VERSION = 1;
				DEVELOPMENT_TEAM = XHA76UVA95;
				GENERATE_INFOPLIST_FILE = YES;
				INFOPLIST_FILE = CJKKeyboardHacks/Info.plist;
				INFOPLIST_KEY_CFBundleDisplayName = "CJK Keyboard Hack Bundle";
				INFOPLIST_KEY_NSHumanReadableCopyright = "";
				INFOPLIST_KEY_NSPrincipalClass = CJKKeyboardHacks.CJKKeyboardHacksBundle;
				INSTALL_PATH = "$(LOCAL_LIBRARY_DIR)/Bundles";
				MACOSX_DEPLOYMENT_TARGET = 14.0;
				MARKETING_VERSION = 1.0;
				PRODUCT_BUNDLE_IDENTIFIER = app.noctiluca.server.bundles.CJKKeyboardHacks;
				PRODUCT_NAME = "$(TARGET_NAME)";
				SKIP_INSTALL = YES;
				STRING_CATALOG_GENERATE_SYMBOLS = YES;
				SWIFT_EMIT_LOC_STRINGS = YES;
				SWIFT_VERSION = 5.0;
				WRAPPER_EXTENSION = nocbundle;
			};
			name = Release;
		};
		F6293EE82F4813340067CCFF /* Debug */ = {
			isa = XCBuildConfiguration;
			buildSettings = {
				AUTOMATION_APPLE_EVENTS = NO;
				"CODE_SIGN_IDENTITY[sdk=macosx*]" = "Apple Development";
				CODE_SIGN_STYLE = Manual;
				DEVELOPMENT_TEAM = "";
				"DEVELOPMENT_TEAM[sdk=macosx*]" = XHA76UVA95;
				ENABLE_HARDENED_RUNTIME = YES;
				ENABLE_RESOURCE_ACCESS_AUDIO_INPUT = NO;
				ENABLE_RESOURCE_ACCESS_CALENDARS = NO;
				ENABLE_RESOURCE_ACCESS_CAMERA = NO;
				ENABLE_RESOURCE_ACCESS_CONTACTS = NO;
				ENABLE_RESOURCE_ACCESS_LOCATION = NO;
				ENABLE_RESOURCE_ACCESS_PHOTO_LIBRARY = NO;
				GCC_PREPROCESSOR_DEFINITIONS = (
					"DEBUG=1",
					"$(inherited)",
					"NOC_DAEMON=1",
					"NOC_SERVER=0",
				);
				PRODUCT_BUNDLE_IDENTIFIER = app.noctiluca.server.noctilucad;
				PRODUCT_NAME = "$(TARGET_NAME)";
				PROVISIONING_PROFILE_SPECIFIER = "";
				RUNTIME_EXCEPTION_ALLOW_DYLD_ENVIRONMENT_VARIABLES = NO;
				RUNTIME_EXCEPTION_ALLOW_JIT = NO;
				RUNTIME_EXCEPTION_ALLOW_UNSIGNED_EXECUTABLE_MEMORY = NO;
				RUNTIME_EXCEPTION_DEBUGGING_TOOL = NO;
				RUNTIME_EXCEPTION_DISABLE_EXECUTABLE_PAGE_PROTECTION = NO;
				RUNTIME_EXCEPTION_DISABLE_LIBRARY_VALIDATION = NO;
				SWIFT_ACTIVE_COMPILATION_CONDITIONS = "DEBUG $(inherited) NOC_DAEMON";
				SWIFT_APPROACHABLE_CONCURRENCY = YES;
				SWIFT_OBJC_BRIDGING_HEADER = "NoctilucaServer/NoctilucaServer-Bridging-Header.h";
				SWIFT_UPCOMING_FEATURE_MEMBER_IMPORT_VISIBILITY = YES;
				SWIFT_VERSION = 5.0;
			};
			name = Debug;
		};
		F6293EE92F4813340067CCFF /* Release */ = {
			isa = XCBuildConfiguration;
			buildSettings = {
				"CODE_SIGN_IDENTITY[sdk=macosx*]" = "Developer ID Application";
				CODE_SIGN_STYLE = Manual;
				DEVELOPMENT_TEAM = "";
				"DEVELOPMENT_TEAM[sdk=macosx*]" = XHA76UVA95;
				ENABLE_HARDENED_RUNTIME = YES;
				GCC_PREPROCESSOR_DEFINITIONS = (
					"NOC_DAEMON=1",
					"NOC_SERVER=0",
				);
				PRODUCT_BUNDLE_IDENTIFIER = app.noctiluca.server.noctilucad;
				PRODUCT_NAME = "$(TARGET_NAME)";
				PROVISIONING_PROFILE_SPECIFIER = "";
				SWIFT_ACTIVE_COMPILATION_CONDITIONS = NOC_DAEMON;
				SWIFT_APPROACHABLE_CONCURRENCY = YES;
				SWIFT_OBJC_BRIDGING_HEADER = "NoctilucaServer/NoctilucaServer-Bridging-Header.h";
				SWIFT_UPCOMING_FEATURE_MEMBER_IMPORT_VISIBILITY = YES;
				SWIFT_VERSION = 5.0;
			};
			name = Release;
		};
		F659BDF82EF3C1730010A18E /* Debug */ = {
			isa = XCBuildConfiguration;
			buildSettings = {
				BUNDLE_LOADER = "$(TEST_HOST)";
				CODE_SIGN_STYLE = Automatic;
				CURRENT_PROJECT_VERSION = 1;
				DEVELOPMENT_TEAM = XHA76UVA95;
				GENERATE_INFOPLIST_FILE = YES;
				MACOSX_DEPLOYMENT_TARGET = 14.0;
				MARKETING_VERSION = 1.0;
				PRODUCT_BUNDLE_IDENTIFIER = app.noctiluca.server.tests;
				PRODUCT_NAME = "$(TARGET_NAME)";
				STRING_CATALOG_GENERATE_SYMBOLS = NO;
				SWIFT_APPROACHABLE_CONCURRENCY = YES;
				SWIFT_EMIT_LOC_STRINGS = NO;
				SWIFT_UPCOMING_FEATURE_MEMBER_IMPORT_VISIBILITY = YES;
				SWIFT_VERSION = 5.0;
				TEST_HOST = "$(BUILT_PRODUCTS_DIR)/NoctilucaServer.app/$(BUNDLE_EXECUTABLE_FOLDER_PATH)/NoctilucaServer";
			};
			name = Debug;
		};
		F659BDF92EF3C1730010A18E /* Release */ = {
			isa = XCBuildConfiguration;
			buildSettings = {
				BUNDLE_LOADER = "$(TEST_HOST)";
				CODE_SIGN_STYLE = Automatic;
				CURRENT_PROJECT_VERSION = 1;
				DEVELOPMENT_TEAM = XHA76UVA95;
				GENERATE_INFOPLIST_FILE = YES;
				MACOSX_DEPLOYMENT_TARGET = 14.0;
				MARKETING_VERSION = 1.0;
				PRODUCT_BUNDLE_IDENTIFIER = app.noctiluca.server.tests;
				PRODUCT_NAME = "$(TARGET_NAME)";
				STRING_CATALOG_GENERATE_SYMBOLS = NO;
				SWIFT_APPROACHABLE_CONCURRENCY = YES;
				SWIFT_EMIT_LOC_STRINGS = NO;
				SWIFT_UPCOMING_FEATURE_MEMBER_IMPORT_VISIBILITY = YES;
				SWIFT_VERSION = 5.0;
				TEST_HOST = "$(BUILT_PRODUCTS_DIR)/NoctilucaServer.app/$(BUNDLE_EXECUTABLE_FOLDER_PATH)/NoctilucaServer";
			};
			name = Release;
		};
		F66965142ECF26780032EF4E /* Debug */ = {
			isa = XCBuildConfiguration;
			buildSettings = {
				ALWAYS_SEARCH_USER_PATHS = NO;
				ASSETCATALOG_COMPILER_GENERATE_SWIFT_ASSET_SYMBOL_EXTENSIONS = YES;
				CLANG_ANALYZER_NONNULL = YES;
				CLANG_ANALYZER_NUMBER_OBJECT_CONVERSION = YES_AGGRESSIVE;
				CLANG_CXX_LANGUAGE_STANDARD = "gnu++20";
				CLANG_ENABLE_MODULES = YES;
				CLANG_ENABLE_OBJC_ARC = YES;
				CLANG_ENABLE_OBJC_WEAK = YES;
				CLANG_WARN_BLOCK_CAPTURE_AUTORELEASING = YES;
				CLANG_WARN_BOOL_CONVERSION = YES;
				CLANG_WARN_COMMA = YES;
				CLANG_WARN_CONSTANT_CONVERSION = YES;
				CLANG_WARN_DEPRECATED_OBJC_IMPLEMENTATIONS = YES;
				CLANG_WARN_DIRECT_OBJC_ISA_USAGE = YES_ERROR;
				CLANG_WARN_DOCUMENTATION_COMMENTS = YES;
				CLANG_WARN_EMPTY_BODY = YES;
				CLANG_WARN_ENUM_CONVERSION = YES;
				CLANG_WARN_INFINITE_RECURSION = YES;
				CLANG_WARN_INT_CONVERSION = YES;
				CLANG_WARN_NON_LITERAL_NULL_CONVERSION = YES;
				CLANG_WARN_OBJC_IMPLICIT_RETAIN_SELF = YES;
				CLANG_WARN_OBJC_LITERAL_CONVERSION = YES;
				CLANG_WARN_OBJC_ROOT_CLASS = YES_ERROR;
				CLANG_WARN_QUOTED_INCLUDE_IN_FRAMEWORK_HEADER = YES;
				CLANG_WARN_RANGE_LOOP_ANALYSIS = YES;
				CLANG_WARN_STRICT_PROTOTYPES = YES;
				CLANG_WARN_SUSPICIOUS_MOVE = YES;
				CLANG_WARN_UNGUARDED_AVAILABILITY = YES_AGGRESSIVE;
				CLANG_WARN_UNREACHABLE_CODE = YES;
				CLANG_WARN__DUPLICATE_METHOD_MATCH = YES;
				COPY_PHASE_STRIP = NO;
				DEBUG_INFORMATION_FORMAT = dwarf;
				DEVELOPMENT_TEAM = XHA76UVA95;
				ENABLE_STRICT_OBJC_MSGSEND = YES;
				ENABLE_TESTABILITY = YES;
				ENABLE_USER_SCRIPT_SANDBOXING = YES;
				GCC_C_LANGUAGE_STANDARD = gnu17;
				GCC_DYNAMIC_NO_PIC = NO;
				GCC_NO_COMMON_BLOCKS = YES;
				GCC_OPTIMIZATION_LEVEL = 0;
				GCC_PREPROCESSOR_DEFINITIONS = (
					"DEBUG=1",
					"$(inherited)",
				);
				GCC_WARN_64_TO_32_BIT_CONVERSION = YES;
				GCC_WARN_ABOUT_RETURN_TYPE = YES_ERROR;
				GCC_WARN_UNDECLARED_SELECTOR = YES;
				GCC_WARN_UNINITIALIZED_AUTOS = YES_AGGRESSIVE;
				GCC_WARN_UNUSED_FUNCTION = YES;
				GCC_WARN_UNUSED_VARIABLE = YES;
				LOCALIZATION_PREFERS_STRING_CATALOGS = YES;
				MACOSX_DEPLOYMENT_TARGET = 26.1;
				MTL_ENABLE_DEBUG_INFO = INCLUDE_SOURCE;
				MTL_FAST_MATH = YES;
				ONLY_ACTIVE_ARCH = YES;
				SDKROOT = macosx;
				SWIFT_ACTIVE_COMPILATION_CONDITIONS = "DEBUG $(inherited)";
				SWIFT_EMIT_LOC_STRINGS = YES;
				SWIFT_OPTIMIZATION_LEVEL = "-Onone";
			};
			name = Debug;
		};
		F66965152ECF26780032EF4E /* Release */ = {
			isa = XCBuildConfiguration;
			buildSettings = {
				ALWAYS_SEARCH_USER_PATHS = NO;
				ASSETCATALOG_COMPILER_GENERATE_SWIFT_ASSET_SYMBOL_EXTENSIONS = YES;
				CLANG_ANALYZER_NONNULL = YES;
				CLANG_ANALYZER_NUMBER_OBJECT_CONVERSION = YES_AGGRESSIVE;
				CLANG_CXX_LANGUAGE_STANDARD = "gnu++20";
				CLANG_ENABLE_MODULES = YES;
				CLANG_ENABLE_OBJC_ARC = YES;
				CLANG_ENABLE_OBJC_WEAK = YES;
				CLANG_WARN_BLOCK_CAPTURE_AUTORELEASING = YES;
				CLANG_WARN_BOOL_CONVERSION = YES;
				CLANG_WARN_COMMA = YES;
				CLANG_WARN_CONSTANT_CONVERSION = YES;
				CLANG_WARN_DEPRECATED_OBJC_IMPLEMENTATIONS = YES;
				CLANG_WARN_DIRECT_OBJC_ISA_USAGE = YES_ERROR;
				CLANG_WARN_DOCUMENTATION_COMMENTS = YES;
				CLANG_WARN_EMPTY_BODY = YES;
				CLANG_WARN_ENUM_CONVERSION = YES;
				CLANG_WARN_INFINITE_RECURSION = YES;
				CLANG_WARN_INT_CONVERSION = YES;
				CLANG_WARN_NON_LITERAL_NULL_CONVERSION = YES;
				CLANG_WARN_OBJC_IMPLICIT_RETAIN_SELF = YES;
				CLANG_WARN_OBJC_LITERAL_CONVERSION = YES;
				CLANG_WARN_OBJC_ROOT_CLASS = YES_ERROR;
				CLANG_WARN_QUOTED_INCLUDE_IN_FRAMEWORK_HEADER = YES;
				CLANG_WARN_RANGE_LOOP_ANALYSIS = YES;
				CLANG_WARN_STRICT_PROTOTYPES = YES;
				CLANG_WARN_SUSPICIOUS_MOVE = YES;
				CLANG_WARN_UNGUARDED_AVAILABILITY = YES_AGGRESSIVE;
				CLANG_WARN_UNREACHABLE_CODE = YES;
				CLANG_WARN__DUPLICATE_METHOD_MATCH = YES;
				COPY_PHASE_STRIP = NO;
				DEBUG_INFORMATION_FORMAT = "dwarf-with-dsym";
				DEVELOPMENT_TEAM = XHA76UVA95;
				ENABLE_NS_ASSERTIONS = NO;
				ENABLE_STRICT_OBJC_MSGSEND = YES;
				ENABLE_USER_SCRIPT_SANDBOXING = YES;
				GCC_C_LANGUAGE_STANDARD = gnu17;
				GCC_NO_COMMON_BLOCKS = YES;
				GCC_WARN_64_TO_32_BIT_CONVERSION = YES;
				GCC_WARN_ABOUT_RETURN_TYPE = YES_ERROR;
				GCC_WARN_UNDECLARED_SELECTOR = YES;
				GCC_WARN_UNINITIALIZED_AUTOS = YES_AGGRESSIVE;
				GCC_WARN_UNUSED_FUNCTION = YES;
				GCC_WARN_UNUSED_VARIABLE = YES;
				LOCALIZATION_PREFERS_STRING_CATALOGS = YES;
				MACOSX_DEPLOYMENT_TARGET = 26.1;
				MTL_ENABLE_DEBUG_INFO = NO;
				MTL_FAST_MATH = YES;
				SDKROOT = macosx;
				SWIFT_COMPILATION_MODE = wholemodule;
				SWIFT_EMIT_LOC_STRINGS = YES;
			};
			name = Release;
		};
		F66965172ECF26780032EF4E /* Debug */ = {
			isa = XCBuildConfiguration;
			buildSettings = {
				ASSETCATALOG_COMPILER_APPICON_NAME = ServerAppIcon;
				ASSETCATALOG_COMPILER_GLOBAL_ACCENT_COLOR_NAME = AccentColor;
				AUTOMATION_APPLE_EVENTS = YES;
				CLANG_ENABLE_MODULES = YES;
				CODE_SIGN_ENTITLEMENTS = NoctilucaServer/NoctilucaServer.entitlements;
				CODE_SIGN_STYLE = Automatic;
				COMBINE_HIDPI_IMAGES = YES;
				CURRENT_PROJECT_VERSION = 1;
				DEVELOPMENT_TEAM = XHA76UVA95;
				ENABLE_APP_SANDBOX = NO;
				ENABLE_HARDENED_RUNTIME = YES;
				ENABLE_PREVIEWS = YES;
				ENABLE_RESOURCE_ACCESS_AUDIO_INPUT = YES;
				ENABLE_RESOURCE_ACCESS_CALENDARS = NO;
				ENABLE_RESOURCE_ACCESS_CAMERA = NO;
				ENABLE_RESOURCE_ACCESS_CONTACTS = NO;
				ENABLE_RESOURCE_ACCESS_LOCATION = NO;
				ENABLE_RESOURCE_ACCESS_PHOTO_LIBRARY = NO;
				EXCLUDED_ARCHS = "";
				GCC_PREPROCESSOR_DEFINITIONS = (
					"DEBUG=1",
					"$(inherited)",
					"NOC_SERVER=1",
					"NOC_DAEMON=0",
				);
				GENERATE_INFOPLIST_FILE = YES;
				INFOPLIST_FILE = NoctilucaServer/Info.plist;
				INFOPLIST_KEY_CFBundleDisplayName = "Noctiluca Server";
				INFOPLIST_KEY_LSApplicationCategoryType = "public.app-category.developer-tools";
				INFOPLIST_KEY_NSHumanReadableCopyright = "";
				LD_RUNPATH_SEARCH_PATHS = (
					"$(inherited)",
					"@executable_path/../Frameworks",
				);
				LOCALIZED_STRING_MACRO_NAMES = (
					NSLocalizedString,
					CFCopyLocalizedString,
				);
				LOCALIZED_STRING_SWIFTUI_SUPPORT = YES;
				MACOSX_DEPLOYMENT_TARGET = 14.0;
				MARKETING_VERSION = 0.9.0;
				PRODUCT_BUNDLE_IDENTIFIER = app.noctiluca.server;
				PRODUCT_NAME = "$(TARGET_NAME)";
				REGISTER_APP_GROUPS = YES;
				RUNTIME_EXCEPTION_ALLOW_DYLD_ENVIRONMENT_VARIABLES = NO;
				RUNTIME_EXCEPTION_ALLOW_JIT = NO;
				RUNTIME_EXCEPTION_ALLOW_UNSIGNED_EXECUTABLE_MEMORY = NO;
				RUNTIME_EXCEPTION_DEBUGGING_TOOL = NO;
				RUNTIME_EXCEPTION_DISABLE_EXECUTABLE_PAGE_PROTECTION = NO;
				RUNTIME_EXCEPTION_DISABLE_LIBRARY_VALIDATION = YES;
				STRING_CATALOG_GENERATE_SYMBOLS = YES;
				SWIFT_ACTIVE_COMPILATION_CONDITIONS = "DEBUG $(inherited) NOC_SERVER";
				SWIFT_APPROACHABLE_CONCURRENCY = YES;
				SWIFT_DEFAULT_ACTOR_ISOLATION = nonisolated;
				SWIFT_EMIT_LOC_STRINGS = YES;
				SWIFT_OBJC_BRIDGING_HEADER = "NoctilucaServer/NoctilucaServer-Bridging-Header.h";
				SWIFT_OPTIMIZATION_LEVEL = "-Onone";
				SWIFT_UPCOMING_FEATURE_MEMBER_IMPORT_VISIBILITY = YES;
				SWIFT_VERSION = 5.0;
			};
			name = Debug;
		};
		F66965182ECF26780032EF4E /* Release */ = {
			isa = XCBuildConfiguration;
			buildSettings = {
				ASSETCATALOG_COMPILER_APPICON_NAME = ServerAppIcon;
				ASSETCATALOG_COMPILER_GLOBAL_ACCENT_COLOR_NAME = AccentColor;
				AUTOMATION_APPLE_EVENTS = YES;
				CLANG_ENABLE_MODULES = YES;
				CODE_SIGN_ENTITLEMENTS = NoctilucaServer/NoctilucaServer.entitlements;
				"CODE_SIGN_IDENTITY[sdk=macosx*]" = "Developer ID Application";
				CODE_SIGN_STYLE = Manual;
				COMBINE_HIDPI_IMAGES = YES;
				CURRENT_PROJECT_VERSION = 1;
				DEVELOPMENT_TEAM = "";
				"DEVELOPMENT_TEAM[sdk=macosx*]" = XHA76UVA95;
				ENABLE_APP_SANDBOX = NO;
				ENABLE_HARDENED_RUNTIME = YES;
				ENABLE_PREVIEWS = YES;
				ENABLE_RESOURCE_ACCESS_AUDIO_INPUT = YES;
				ENABLE_RESOURCE_ACCESS_CALENDARS = NO;
				ENABLE_RESOURCE_ACCESS_CAMERA = NO;
				ENABLE_RESOURCE_ACCESS_CONTACTS = NO;
				ENABLE_RESOURCE_ACCESS_LOCATION = NO;
				ENABLE_RESOURCE_ACCESS_PHOTO_LIBRARY = NO;
				EXCLUDED_ARCHS = "";
				GCC_PREPROCESSOR_DEFINITIONS = (
					"NOC_DAEMON=0",
					"NOC_SERVER=1",
				);
				GENERATE_INFOPLIST_FILE = YES;
				INFOPLIST_FILE = NoctilucaServer/Info.plist;
				INFOPLIST_KEY_CFBundleDisplayName = "Noctiluca Server";
				INFOPLIST_KEY_LSApplicationCategoryType = "public.app-category.developer-tools";
				INFOPLIST_KEY_NSHumanReadableCopyright = "";
				LD_RUNPATH_SEARCH_PATHS = (
					"$(inherited)",
					"@executable_path/../Frameworks",
				);
				LOCALIZED_STRING_MACRO_NAMES = (
					NSLocalizedString,
					CFCopyLocalizedString,
				);
				LOCALIZED_STRING_SWIFTUI_SUPPORT = YES;
				MACOSX_DEPLOYMENT_TARGET = 14.0;
				MARKETING_VERSION = 0.9.0;
				PRODUCT_BUNDLE_IDENTIFIER = app.noctiluca.server;
				PRODUCT_NAME = "$(TARGET_NAME)";
				PROVISIONING_PROFILE_SPECIFIER = "";
				"PROVISIONING_PROFILE_SPECIFIER[sdk=macosx*]" = "Noctiluca Server";
				REGISTER_APP_GROUPS = YES;
				RUNTIME_EXCEPTION_ALLOW_DYLD_ENVIRONMENT_VARIABLES = NO;
				RUNTIME_EXCEPTION_ALLOW_JIT = NO;
				RUNTIME_EXCEPTION_ALLOW_UNSIGNED_EXECUTABLE_MEMORY = NO;
				RUNTIME_EXCEPTION_DEBUGGING_TOOL = NO;
				RUNTIME_EXCEPTION_DISABLE_EXECUTABLE_PAGE_PROTECTION = NO;
				RUNTIME_EXCEPTION_DISABLE_LIBRARY_VALIDATION = YES;
				STRING_CATALOG_GENERATE_SYMBOLS = YES;
				SWIFT_ACTIVE_COMPILATION_CONDITIONS = NOC_SERVER;
				SWIFT_APPROACHABLE_CONCURRENCY = YES;
				SWIFT_DEFAULT_ACTOR_ISOLATION = nonisolated;
				SWIFT_EMIT_LOC_STRINGS = YES;
				SWIFT_OBJC_BRIDGING_HEADER = "NoctilucaServer/NoctilucaServer-Bridging-Header.h";
				SWIFT_UPCOMING_FEATURE_MEMBER_IMPORT_VISIBILITY = YES;
				SWIFT_VERSION = 5.0;
			};
			name = Release;
		};
/* End XCBuildConfiguration section */

/* Begin XCConfigurationList section */
		F61AB3192F41274E00BB69AF /* Build configuration list for PBXNativeTarget "CJKKeyboardHacks" */ = {
			isa = XCConfigurationList;
			buildConfigurations = (
				F61AB31A2F41274E00BB69AF /* Debug */,
				F61AB31B2F41274E00BB69AF /* Release */,
			);
			defaultConfigurationIsVisible = 0;
			defaultConfigurationName = Release;
		};
		F6293EE72F4813340067CCFF /* Build configuration list for PBXNativeTarget "noctilucad" */ = {
			isa = XCConfigurationList;
			buildConfigurations = (
				F6293EE82F4813340067CCFF /* Debug */,
				F6293EE92F4813340067CCFF /* Release */,
			);
			defaultConfigurationIsVisible = 0;
			defaultConfigurationName = Release;
		};
		F659BDFA2EF3C1730010A18E /* Build configuration list for PBXNativeTarget "NoctilucaServerTests" */ = {
			isa = XCConfigurationList;
			buildConfigurations = (
				F659BDF82EF3C1730010A18E /* Debug */,
				F659BDF92EF3C1730010A18E /* Release */,
			);
			defaultConfigurationIsVisible = 0;
			defaultConfigurationName = Release;
		};
		F66965062ECF26770032EF4E /* Build configuration list for PBXProject "NoctilucaServer" */ = {
			isa = XCConfigurationList;
			buildConfigurations = (
				F66965142ECF26780032EF4E /* Debug */,
				F66965152ECF26780032EF4E /* Release */,
			);
			defaultConfigurationIsVisible = 0;
			defaultConfigurationName = Release;
		};
		F66965162ECF26780032EF4E /* Build configuration list for PBXNativeTarget "NoctilucaServer" */ = {
			isa = XCConfigurationList;
			buildConfigurations = (
				F66965172ECF26780032EF4E /* Debug */,
				F66965182ECF26780032EF4E /* Release */,
			);
			defaultConfigurationIsVisible = 0;
			defaultConfigurationName = Release;
		};
/* End XCConfigurationList section */

/* Begin XCRemoteSwiftPackageReference section */
		F62711422F0852DE00E8A3D7 /* XCRemoteSwiftPackageReference "zstd" */ = {
			isa = XCRemoteSwiftPackageReference;
			repositoryURL = "https://github.com/facebook/zstd";
			requirement = {
				kind = exactVersion;
				version = 1.5.7;
			};
		};
		F6293EEA2F48138A0067CCFF /* XCRemoteSwiftPackageReference "swift-argument-parser" */ = {
			isa = XCRemoteSwiftPackageReference;
			repositoryURL = "https://github.com/apple/swift-argument-parser.git";
			requirement = {
				kind = upToNextMajorVersion;
				minimumVersion = 1.7.0;
			};
		};
		F63971222F1CCA4400F01622 /* XCRemoteSwiftPackageReference "Xuanxue" */ = {
			isa = XCRemoteSwiftPackageReference;
			repositoryURL = "https://github.com/team-unstablers/Xuanxue.git";
			requirement = {
				kind = upToNextMajorVersion;
				minimumVersion = 1.0.4;
			};
		};
		F68F23482F42AFF4000761AA /* XCRemoteSwiftPackageReference "Sparkle" */ = {
			isa = XCRemoteSwiftPackageReference;
			repositoryURL = "https://github.com/sparkle-project/Sparkle";
			requirement = {
				kind = upToNextMajorVersion;
				minimumVersion = 2.8.1;
			};
		};
		F69648392F33AAF50093CFC2 /* XCRemoteSwiftPackageReference "swift-async-algorithms" */ = {
			isa = XCRemoteSwiftPackageReference;
			repositoryURL = "https://github.com/apple/swift-async-algorithms.git";
			requirement = {
				kind = upToNextMajorVersion;
				minimumVersion = 1.1.1;
			};
		};
/* End XCRemoteSwiftPackageReference section */

/* Begin XCSwiftPackageProductDependency section */
		F61AB32D2F4146CF00BB69AF /* Gesu */ = {
			isa = XCSwiftPackageProductDependency;
			productName = Gesu;
		};
		F62689442F1E50F60030D59B /* Gesu */ = {
			isa = XCSwiftPackageProductDependency;
			productName = Gesu;
		};
		F62711432F0852DE00E8A3D7 /* libzstd */ = {
			isa = XCSwiftPackageProductDependency;
			package = F62711422F0852DE00E8A3D7 /* XCRemoteSwiftPackageReference "zstd" */;
			productName = libzstd;
		};
		F6293EEB2F48138A0067CCFF /* ArgumentParser */ = {
			isa = XCSwiftPackageProductDependency;
			package = F6293EEA2F48138A0067CCFF /* XCRemoteSwiftPackageReference "swift-argument-parser" */;
			productName = ArgumentParser;
		};
		F6293EFC2F4829DD0067CCFF /* XuanxueStatic */ = {
			isa = XCSwiftPackageProductDependency;
			package = F63971222F1CCA4400F01622 /* XCRemoteSwiftPackageReference "Xuanxue" */;
			productName = XuanxueStatic;
		};
		F6293EFE2F482F160067CCFF /* SiriusKitStatic */ = {
			isa = XCSwiftPackageProductDependency;
			productName = SiriusKitStatic;
		};
		F686CFF32F3A34F6004383CF /* NoctilucaWebPEncoder */ = {
			isa = XCSwiftPackageProductDependency;
			productName = NoctilucaWebPEncoder;
		};
		F68F23492F42AFF4000761AA /* Sparkle */ = {
			isa = XCSwiftPackageProductDependency;
			package = F68F23482F42AFF4000761AA /* XCRemoteSwiftPackageReference "Sparkle" */;
			productName = Sparkle;
		};
		F69644AD2F32C4F20093CFC2 /* Xuanxue */ = {
			isa = XCSwiftPackageProductDependency;
			package = F63971222F1CCA4400F01622 /* XCRemoteSwiftPackageReference "Xuanxue" */;
			productName = Xuanxue;
		};
		F696483A2F33AAF50093CFC2 /* AsyncAlgorithms */ = {
			isa = XCSwiftPackageProductDependency;
			package = F69648392F33AAF50093CFC2 /* XCRemoteSwiftPackageReference "swift-async-algorithms" */;
			productName = AsyncAlgorithms;
		};
		F6F98E7A2F306B5D0024513A /* SiriusKit */ = {
			isa = XCSwiftPackageProductDependency;
			productName = SiriusKit;
		};
/* End XCSwiftPackageProductDependency section */
	};
	rootObject = F66965032ECF26770032EF4E /* Project object */;
}
