// !$*UTF8*$!
{
	archiveVersion = 1;
	classes = {
	};
	objectVersion = 77;
	objects = {

/* Begin PBXBuildFile section */
		F621CB0A2F8AE97700AEF0FA /* NoctilucaLibVPXDecoder in Frameworks */ = {isa = PBXBuildFile; productRef = F621CB092F8AE97700AEF0FA /* NoctilucaLibVPXDecoder */; };
		F621CB0B2F8AE97700AEF0FA /* NoctilucaLibVPXDecoder in Embed Frameworks */ = {isa = PBXBuildFile; productRef = F621CB092F8AE97700AEF0FA /* NoctilucaLibVPXDecoder */; settings = {ATTRIBUTES = (CodeSignOnCopy, ); }; };
		F621CB0D2F8AE97F00AEF0FA /* NoctilucaLibVPXDecoder in Frameworks */ = {isa = PBXBuildFile; productRef = F621CB0C2F8AE97F00AEF0FA /* NoctilucaLibVPXDecoder */; };
		F621CB0E2F8AE97F00AEF0FA /* NoctilucaLibVPXDecoder in Embed Frameworks */ = {isa = PBXBuildFile; productRef = F621CB0C2F8AE97F00AEF0FA /* NoctilucaLibVPXDecoder */; settings = {ATTRIBUTES = (CodeSignOnCopy, ); }; };
		F627116D2F08626200E8A3D7 /* libzstd in Frameworks */ = {isa = PBXBuildFile; productRef = F627116C2F08626200E8A3D7 /* libzstd */; };
		F64AF1642F6C5D8300C0EDD8 /* Sparkle in Frameworks */ = {isa = PBXBuildFile; productRef = F64AF1632F6C5D8300C0EDD8 /* Sparkle */; };
		F64AF16D2F6C77BA00C0EDD8 /* OPEN_SOURCE_LICENSE.client in Resources */ = {isa = PBXBuildFile; fileRef = F64AF16C2F6C77BA00C0EDD8 /* OPEN_SOURCE_LICENSE.client */; };
		F64AF1702F6C77CE00C0EDD8 /* LICENSE in Resources */ = {isa = PBXBuildFile; fileRef = F64AF16E2F6C77CE00C0EDD8 /* LICENSE */; };
		F64AF1712F6C77CE00C0EDD8 /* LICENSE.en in Resources */ = {isa = PBXBuildFile; fileRef = F64AF16F2F6C77CE00C0EDD8 /* LICENSE.en */; };
		F64AF1762F6C77F400C0EDD8 /* OPEN_SOURCE_LICENSE.client in Resources */ = {isa = PBXBuildFile; fileRef = F64AF16C2F6C77BA00C0EDD8 /* OPEN_SOURCE_LICENSE.client */; };
		F64AF1772F6C781100C0EDD8 /* LICENSE in Resources */ = {isa = PBXBuildFile; fileRef = F64AF16E2F6C77CE00C0EDD8 /* LICENSE */; };
		F64AF1782F6C781100C0EDD8 /* LICENSE.en in Resources */ = {isa = PBXBuildFile; fileRef = F64AF16F2F6C77CE00C0EDD8 /* LICENSE.en */; };
		F6682AC82F43F8930042F213 /* NoctilucaWebPDecoder in Frameworks */ = {isa = PBXBuildFile; productRef = F6682AC52F43F8930042F213 /* NoctilucaWebPDecoder */; };
		F6682ACA2F43F8930042F213 /* libzstd in Frameworks */ = {isa = PBXBuildFile; productRef = F6682AC02F43F8930042F213 /* libzstd */; };
		F6682ACB2F43F8930042F213 /* SiriusKitClient in Frameworks */ = {isa = PBXBuildFile; productRef = F6682AC22F43F8930042F213 /* SiriusKitClient */; };
		F6682ACC2F43F8930042F213 /* AsyncAlgorithms in Frameworks */ = {isa = PBXBuildFile; productRef = F6682ABE2F43F8930042F213 /* AsyncAlgorithms */; };
		F6682ACD2F43F8930042F213 /* Xuanxue in Frameworks */ = {isa = PBXBuildFile; productRef = F6682AC32F43F8930042F213 /* Xuanxue */; };
		F6682AD02F43F8930042F213 /* NoctilucaWebPDecoder in Embed Frameworks */ = {isa = PBXBuildFile; productRef = F6682AC52F43F8930042F213 /* NoctilucaWebPDecoder */; settings = {ATTRIBUTES = (CodeSignOnCopy, ); }; };
		F6682AD12F43F8930042F213 /* Xuanxue in Embed Frameworks */ = {isa = PBXBuildFile; productRef = F6682AC32F43F8930042F213 /* Xuanxue */; settings = {ATTRIBUTES = (CodeSignOnCopy, ); }; };
		F6682AD32F43F8930042F213 /* SiriusKitClient in Embed Frameworks */ = {isa = PBXBuildFile; productRef = F6682AC22F43F8930042F213 /* SiriusKitClient */; settings = {ATTRIBUTES = (CodeSignOnCopy, ); }; };
		F686CFEE2F3A23C8004383CF /* SiriusKitClient in Embed Frameworks */ = {isa = PBXBuildFile; productRef = F6F98E7C2F306B6C0024513A /* SiriusKitClient */; settings = {ATTRIBUTES = (CodeSignOnCopy, ); }; };
		F686CFF12F3A34C8004383CF /* NoctilucaWebPDecoder in Frameworks */ = {isa = PBXBuildFile; productRef = F686CFF02F3A34C8004383CF /* NoctilucaWebPDecoder */; };
		F686CFF22F3A34C8004383CF /* NoctilucaWebPDecoder in Embed Frameworks */ = {isa = PBXBuildFile; productRef = F686CFF02F3A34C8004383CF /* NoctilucaWebPDecoder */; settings = {ATTRIBUTES = (CodeSignOnCopy, ); }; };
		F686CFF62F3A47A4004383CF /* Xuanxue in Embed Frameworks */ = {isa = PBXBuildFile; productRef = F69644AB2F3296D30093CFC2 /* Xuanxue */; settings = {ATTRIBUTES = (CodeSignOnCopy, ); }; };
		F69644AC2F3296D30093CFC2 /* Xuanxue in Frameworks */ = {isa = PBXBuildFile; productRef = F69644AB2F3296D30093CFC2 /* Xuanxue */; };
		F6C2ADFD2EFDCD960089E63C /* AsyncAlgorithms in Frameworks */ = {isa = PBXBuildFile; productRef = F6C2ADFC2EFDCD960089E63C /* AsyncAlgorithms */; };
		F6F98E7D2F306B6C0024513A /* SiriusKitClient in Frameworks */ = {isa = PBXBuildFile; productRef = F6F98E7C2F306B6C0024513A /* SiriusKitClient */; };
/* End PBXBuildFile section */

/* Begin PBXContainerItemProxy section */
		F65FDE1B2EF868720014239E /* PBXContainerItemProxy */ = {
			isa = PBXContainerItemProxy;
			containerPortal = F6BD3E8E2EDA1AF6000011DF /* Project object */;
			proxyType = 1;
			remoteGlobalIDString = F6BD3E952EDA1AF6000011DF;
			remoteInfo = NoctilucaClient;
		};
/* End PBXContainerItemProxy section */

/* Begin PBXCopyFilesBuildPhase section */
		F6682ACF2F43F8930042F213 /* Embed Frameworks */ = {
			isa = PBXCopyFilesBuildPhase;
			buildActionMask = 2147483647;
			dstPath = "";
			dstSubfolderSpec = 10;
			files = (
				F6682AD02F43F8930042F213 /* NoctilucaWebPDecoder in Embed Frameworks */,
				F6682AD12F43F8930042F213 /* Xuanxue in Embed Frameworks */,
				F621CB0E2F8AE97F00AEF0FA /* NoctilucaLibVPXDecoder in Embed Frameworks */,
				F6682AD32F43F8930042F213 /* SiriusKitClient in Embed Frameworks */,
			);
			name = "Embed Frameworks";
			runOnlyForDeploymentPostprocessing = 0;
		};
		F6D2D1352EF026F0002596D1 /* Embed Frameworks */ = {
			isa = PBXCopyFilesBuildPhase;
			buildActionMask = 2147483647;
			dstPath = "";
			dstSubfolderSpec = 10;
			files = (
				F686CFF22F3A34C8004383CF /* NoctilucaWebPDecoder in Embed Frameworks */,
				F686CFF62F3A47A4004383CF /* Xuanxue in Embed Frameworks */,
				F621CB0B2F8AE97700AEF0FA /* NoctilucaLibVPXDecoder in Embed Frameworks */,
				F686CFEE2F3A23C8004383CF /* SiriusKitClient in Embed Frameworks */,
			);
			name = "Embed Frameworks";
			runOnlyForDeploymentPostprocessing = 0;
		};
/* End PBXCopyFilesBuildPhase section */

/* Begin PBXFileReference section */
		F61DD5B12EF0271300AC9B35 /* SiriusKitClient.framework */ = {isa = PBXFileReference; explicitFileType = wrapper.framework; path = SiriusKitClient.framework; sourceTree = BUILT_PRODUCTS_DIR; };
		F64AF16C2F6C77BA00C0EDD8 /* OPEN_SOURCE_LICENSE.client */ = {isa = PBXFileReference; lastKnownFileType = text; name = OPEN_SOURCE_LICENSE.client; path = ../OPEN_SOURCE_LICENSE.client; sourceTree = "<group>"; };
		F64AF16E2F6C77CE00C0EDD8 /* LICENSE */ = {isa = PBXFileReference; lastKnownFileType = text; path = LICENSE; sourceTree = "<group>"; };
		F64AF16F2F6C77CE00C0EDD8 /* LICENSE.en */ = {isa = PBXFileReference; lastKnownFileType = text; path = LICENSE.en; sourceTree = "<group>"; };
		F6561F102F08B6E00090BCB3 /* libturbojpeg.framework */ = {isa = PBXFileReference; lastKnownFileType = wrapper.framework; name = libturbojpeg.framework; path = "../frameworks/libturbojpeg.xcframework/ios-arm64/libturbojpeg.framework"; sourceTree = "<group>"; };
		F6561F132F08B6F10090BCB3 /* libturbojpeg.framework */ = {isa = PBXFileReference; lastKnownFileType = wrapper.framework; name = libturbojpeg.framework; path = "../frameworks/libturbojpeg.xcframework/macos-arm64_x86_64/libturbojpeg.framework"; sourceTree = "<group>"; };
		F6561F182F08B7910090BCB3 /* libturbojpeg.xcframework */ = {isa = PBXFileReference; lastKnownFileType = wrapper.xcframework; name = libturbojpeg.xcframework; path = ../frameworks/libturbojpeg.xcframework; sourceTree = "<group>"; };
		F65FDE172EF868720014239E /* NoctilucaClientTests.xctest */ = {isa = PBXFileReference; explicitFileType = wrapper.cfbundle; includeInIndex = 0; path = NoctilucaClientTests.xctest; sourceTree = BUILT_PRODUCTS_DIR; };
		F6682AD72F43F8930042F213 /* Noctiluca Navigator.app */ = {isa = PBXFileReference; explicitFileType = wrapper.application; includeInIndex = 0; path = "Noctiluca Navigator.app"; sourceTree = BUILT_PRODUCTS_DIR; };
		F6B2AB7B2F2A71AE00B7CF41 /* WebPDecoder.xcframework */ = {isa = PBXFileReference; lastKnownFileType = wrapper.xcframework; name = WebPDecoder.xcframework; path = ../frameworks/WebPDecoder.xcframework; sourceTree = "<group>"; };
		F6B2AB812F2A736F00B7CF41 /* SharpYuv.xcframework */ = {isa = PBXFileReference; lastKnownFileType = wrapper.xcframework; name = SharpYuv.xcframework; path = ../frameworks/SharpYuv.xcframework; sourceTree = "<group>"; };
		F6BD3E962EDA1AF6000011DF /* Noctiluca Navigator.app */ = {isa = PBXFileReference; explicitFileType = wrapper.application; includeInIndex = 0; path = "Noctiluca Navigator.app"; sourceTree = BUILT_PRODUCTS_DIR; };
/* End PBXFileReference section */

/* Begin PBXFileSystemSynchronizedBuildFileExceptionSet section */
		F60AE1072F2F699D00377D3C /* Exceptions for "NoctilucaClient" folder in "Noctiluca Navigator" target */ = {
			isa = PBXFileSystemSynchronizedBuildFileExceptionSet;
			membershipExceptions = (
				"resources/Info-ExplicitEdition.plist",
				resources/Info.plist,
			);
			target = F6BD3E952EDA1AF6000011DF /* Noctiluca Navigator */;
		};
		F6682AD82F43F8930042F213 /* Exceptions for "NoctilucaClient" folder in "Noctiluca Navigator UE" target */ = {
			isa = PBXFileSystemSynchronizedBuildFileExceptionSet;
			membershipExceptions = (
				"resources/Info-ExplicitEdition.plist",
				resources/Info.plist,
			);
			target = F6682ABD2F43F8930042F213 /* Noctiluca Navigator UE */;
		};
/* End PBXFileSystemSynchronizedBuildFileExceptionSet section */

/* Begin PBXFileSystemSynchronizedRootGroup section */
		F65FDE182EF868720014239E /* NoctilucaClientTests */ = {
			isa = PBXFileSystemSynchronizedRootGroup;
			path = NoctilucaClientTests;
			sourceTree = "<group>";
		};
		F6BD3E982EDA1AF6000011DF /* NoctilucaClient */ = {
			isa = PBXFileSystemSynchronizedRootGroup;
			exceptions = (
				F60AE1072F2F699D00377D3C /* Exceptions for "NoctilucaClient" folder in "Noctiluca Navigator" target */,
				F6682AD82F43F8930042F213 /* Exceptions for "NoctilucaClient" folder in "Noctiluca Navigator UE" target */,
			);
			path = NoctilucaClient;
			sourceTree = "<group>";
		};
/* End PBXFileSystemSynchronizedRootGroup section */

/* Begin PBXFrameworksBuildPhase section */
		F65FDE142EF868720014239E /* Frameworks */ = {
			isa = PBXFrameworksBuildPhase;
			buildActionMask = 2147483647;
			files = (
			);
			runOnlyForDeploymentPostprocessing = 0;
		};
		F6682AC72F43F8930042F213 /* Frameworks */ = {
			isa = PBXFrameworksBuildPhase;
			buildActionMask = 2147483647;
			files = (
				F64AF1642F6C5D8300C0EDD8 /* Sparkle in Frameworks */,
				F6682AC82F43F8930042F213 /* NoctilucaWebPDecoder in Frameworks */,
				F621CB0D2F8AE97F00AEF0FA /* NoctilucaLibVPXDecoder in Frameworks */,
				F6682ACA2F43F8930042F213 /* libzstd in Frameworks */,
				F6682ACB2F43F8930042F213 /* SiriusKitClient in Frameworks */,
				F6682ACC2F43F8930042F213 /* AsyncAlgorithms in Frameworks */,
				F6682ACD2F43F8930042F213 /* Xuanxue in Frameworks */,
			);
			runOnlyForDeploymentPostprocessing = 0;
		};
		F6BD3E932EDA1AF6000011DF /* Frameworks */ = {
			isa = PBXFrameworksBuildPhase;
			buildActionMask = 2147483647;
			files = (
				F686CFF12F3A34C8004383CF /* NoctilucaWebPDecoder in Frameworks */,
				F627116D2F08626200E8A3D7 /* libzstd in Frameworks */,
				F621CB0A2F8AE97700AEF0FA /* NoctilucaLibVPXDecoder in Frameworks */,
				F6F98E7D2F306B6C0024513A /* SiriusKitClient in Frameworks */,
				F6C2ADFD2EFDCD960089E63C /* AsyncAlgorithms in Frameworks */,
				F69644AC2F3296D30093CFC2 /* Xuanxue in Frameworks */,
			);
			runOnlyForDeploymentPostprocessing = 0;
		};
/* End PBXFrameworksBuildPhase section */

/* Begin PBXGroup section */
		F6BD3E8D2EDA1AF6000011DF = {
			isa = PBXGroup;
			children = (
				F64AF16E2F6C77CE00C0EDD8 /* LICENSE */,
				F64AF16F2F6C77CE00C0EDD8 /* LICENSE.en */,
				F64AF16C2F6C77BA00C0EDD8 /* OPEN_SOURCE_LICENSE.client */,
				F6BD3E982EDA1AF6000011DF /* NoctilucaClient */,
				F65FDE182EF868720014239E /* NoctilucaClientTests */,
				F6BD3EB02EDA1B2A000011DF /* Frameworks */,
				F6BD3E972EDA1AF6000011DF /* Products */,
			);
			sourceTree = "<group>";
		};
		F6BD3E972EDA1AF6000011DF /* Products */ = {
			isa = PBXGroup;
			children = (
				F6BD3E962EDA1AF6000011DF /* Noctiluca Navigator.app */,
				F65FDE172EF868720014239E /* NoctilucaClientTests.xctest */,
				F6682AD72F43F8930042F213 /* Noctiluca Navigator.app */,
			);
			name = Products;
			sourceTree = "<group>";
		};
		F6BD3EB02EDA1B2A000011DF /* Frameworks */ = {
			isa = PBXGroup;
			children = (
				F6561F182F08B7910090BCB3 /* libturbojpeg.xcframework */,
				F6B2AB7B2F2A71AE00B7CF41 /* WebPDecoder.xcframework */,
				F6561F102F08B6E00090BCB3 /* libturbojpeg.framework */,
				F6B2AB812F2A736F00B7CF41 /* SharpYuv.xcframework */,
				F6561F132F08B6F10090BCB3 /* libturbojpeg.framework */,
				F61DD5B12EF0271300AC9B35 /* SiriusKitClient.framework */,
			);
			name = Frameworks;
			sourceTree = "<group>";
		};
/* End PBXGroup section */

/* Begin PBXNativeTarget section */
		F65FDE162EF868720014239E /* NoctilucaClientTests */ = {
			isa = PBXNativeTarget;
			buildConfigurationList = F65FDE1D2EF868720014239E /* Build configuration list for PBXNativeTarget "NoctilucaClientTests" */;
			buildPhases = (
				F65FDE132EF868720014239E /* Sources */,
				F65FDE142EF868720014239E /* Frameworks */,
				F65FDE152EF868720014239E /* Resources */,
			);
			buildRules = (
			);
			dependencies = (
				F65FDE1C2EF868720014239E /* PBXTargetDependency */,
			);
			fileSystemSynchronizedGroups = (
				F65FDE182EF868720014239E /* NoctilucaClientTests */,
			);
			name = NoctilucaClientTests;
			packageProductDependencies = (
			);
			productName = NoctilucaClientTests;
			productReference = F65FDE172EF868720014239E /* NoctilucaClientTests.xctest */;
			productType = "com.apple.product-type.bundle.unit-test";
		};
		F6682ABD2F43F8930042F213 /* Noctiluca Navigator UE */ = {
			isa = PBXNativeTarget;
			buildConfigurationList = F6682AD42F43F8930042F213 /* Build configuration list for PBXNativeTarget "Noctiluca Navigator UE" */;
			buildPhases = (
				F6682AC62F43F8930042F213 /* Sources */,
				F6682AC72F43F8930042F213 /* Frameworks */,
				F6682ACE2F43F8930042F213 /* Resources */,
				F6682ACF2F43F8930042F213 /* Embed Frameworks */,
			);
			buildRules = (
			);
			dependencies = (
			);
			fileSystemSynchronizedGroups = (
				F6BD3E982EDA1AF6000011DF /* NoctilucaClient */,
			);
			name = "Noctiluca Navigator UE";
			packageProductDependencies = (
				F6682ABE2F43F8930042F213 /* AsyncAlgorithms */,
				F6682AC02F43F8930042F213 /* libzstd */,
				F6682AC22F43F8930042F213 /* SiriusKitClient */,
				F6682AC32F43F8930042F213 /* Xuanxue */,
				F6682AC52F43F8930042F213 /* NoctilucaWebPDecoder */,
				F64AF1632F6C5D8300C0EDD8 /* Sparkle */,
				F621CB0C2F8AE97F00AEF0FA /* NoctilucaLibVPXDecoder */,
			);
			productName = NoctilucaClient;
			productReference = F6682AD72F43F8930042F213 /* Noctiluca Navigator.app */;
			productType = "com.apple.product-type.application";
		};
		F6BD3E952EDA1AF6000011DF /* Noctiluca Navigator */ = {
			isa = PBXNativeTarget;
			buildConfigurationList = F6BD3EA12EDA1AF8000011DF /* Build configuration list for PBXNativeTarget "Noctiluca Navigator" */;
			buildPhases = (
				F6BD3E922EDA1AF6000011DF /* Sources */,
				F6BD3E932EDA1AF6000011DF /* Frameworks */,
				F6BD3E942EDA1AF6000011DF /* Resources */,
				F6D2D1352EF026F0002596D1 /* Embed Frameworks */,
			);
			buildRules = (
			);
			dependencies = (
			);
			fileSystemSynchronizedGroups = (
				F6BD3E982EDA1AF6000011DF /* NoctilucaClient */,
			);
			name = "Noctiluca Navigator";
			packageProductDependencies = (
				F6C2ADFC2EFDCD960089E63C /* AsyncAlgorithms */,
				F627116C2F08626200E8A3D7 /* libzstd */,
				F6F98E7C2F306B6C0024513A /* SiriusKitClient */,
				F69644AB2F3296D30093CFC2 /* Xuanxue */,
				F686CFF02F3A34C8004383CF /* NoctilucaWebPDecoder */,
				F621CB092F8AE97700AEF0FA /* NoctilucaLibVPXDecoder */,
			);
			productName = NoctilucaClient;
			productReference = F6BD3E962EDA1AF6000011DF /* Noctiluca Navigator.app */;
			productType = "com.apple.product-type.application";
		};
/* End PBXNativeTarget section */

/* Begin PBXProject section */
		F6BD3E8E2EDA1AF6000011DF /* Project object */ = {
			isa = PBXProject;
			attributes = {
				BuildIndependentTargetsInParallel = 1;
				LastSwiftUpdateCheck = 2610;
				LastUpgradeCheck = 2610;
				TargetAttributes = {
					F65FDE162EF868720014239E = {
						CreatedOnToolsVersion = 26.1;
						TestTargetID = F6BD3E952EDA1AF6000011DF;
					};
					F6BD3E952EDA1AF6000011DF = {
						CreatedOnToolsVersion = 26.1;
					};
				};
			};
			buildConfigurationList = F6BD3E912EDA1AF6000011DF /* Build configuration list for PBXProject "NoctilucaClient" */;
			developmentRegion = ko;
			hasScannedForEncodings = 0;
			knownRegions = (
				en,
				Base,
				ko,
				ja,
				"zh-Hans",
			);
			mainGroup = F6BD3E8D2EDA1AF6000011DF;
			minimizedProjectReferenceProxies = 1;
			packageReferences = (
				F6C2ADFB2EFDCD960089E63C /* XCRemoteSwiftPackageReference "swift-async-algorithms" */,
				F627116B2F08626200E8A3D7 /* XCRemoteSwiftPackageReference "zstd" */,
				F63971282F1CCCFD00F01622 /* XCRemoteSwiftPackageReference "Xuanxue" */,
				F62FAECB2F326AB400801A5B /* XCLocalSwiftPackageReference "../../swift-msquic" */,
				F64AF1622F6C5D8300C0EDD8 /* XCRemoteSwiftPackageReference "Sparkle" */,
			);
			preferredProjectObjectVersion = 77;
			productRefGroup = F6BD3E972EDA1AF6000011DF /* Products */;
			projectDirPath = "";
			projectRoot = "";
			targets = (
				F6BD3E952EDA1AF6000011DF /* Noctiluca Navigator */,
				F65FDE162EF868720014239E /* NoctilucaClientTests */,
				F6682ABD2F43F8930042F213 /* Noctiluca Navigator UE */,
			);
		};
/* End PBXProject section */

/* Begin PBXResourcesBuildPhase section */
		F65FDE152EF868720014239E /* Resources */ = {
			isa = PBXResourcesBuildPhase;
			buildActionMask = 2147483647;
			files = (
			);
			runOnlyForDeploymentPostprocessing = 0;
		};
		F6682ACE2F43F8930042F213 /* Resources */ = {
			isa = PBXResourcesBuildPhase;
			buildActionMask = 2147483647;
			files = (
				F64AF16D2F6C77BA00C0EDD8 /* OPEN_SOURCE_LICENSE.client in Resources */,
				F64AF1702F6C77CE00C0EDD8 /* LICENSE in Resources */,
				F64AF1712F6C77CE00C0EDD8 /* LICENSE.en in Resources */,
			);
			runOnlyForDeploymentPostprocessing = 0;
		};
		F6BD3E942EDA1AF6000011DF /* Resources */ = {
			isa = PBXResourcesBuildPhase;
			buildActionMask = 2147483647;
			files = (
				F64AF1772F6C781100C0EDD8 /* LICENSE in Resources */,
				F64AF1782F6C781100C0EDD8 /* LICENSE.en in Resources */,
				F64AF1762F6C77F400C0EDD8 /* OPEN_SOURCE_LICENSE.client in Resources */,
			);
			runOnlyForDeploymentPostprocessing = 0;
		};
/* End PBXResourcesBuildPhase section */

/* Begin PBXSourcesBuildPhase section */
		F65FDE132EF868720014239E /* Sources */ = {
			isa = PBXSourcesBuildPhase;
			buildActionMask = 2147483647;
			files = (
			);
			runOnlyForDeploymentPostprocessing = 0;
		};
		F6682AC62F43F8930042F213 /* Sources */ = {
			isa = PBXSourcesBuildPhase;
			buildActionMask = 2147483647;
			files = (
			);
			runOnlyForDeploymentPostprocessing = 0;
		};
		F6BD3E922EDA1AF6000011DF /* Sources */ = {
			isa = PBXSourcesBuildPhase;
			buildActionMask = 2147483647;
			files = (
			);
			runOnlyForDeploymentPostprocessing = 0;
		};
/* End PBXSourcesBuildPhase section */

/* Begin PBXTargetDependency section */
		F65FDE1C2EF868720014239E /* PBXTargetDependency */ = {
			isa = PBXTargetDependency;
			target = F6BD3E952EDA1AF6000011DF /* Noctiluca Navigator */;
			targetProxy = F65FDE1B2EF868720014239E /* PBXContainerItemProxy */;
		};
/* End PBXTargetDependency section */

/* Begin XCBuildConfiguration section */
		F65FDE1E2EF868720014239E /* Debug */ = {
			isa = XCBuildConfiguration;
			buildSettings = {
				BUNDLE_LOADER = "$(TEST_HOST)";
				CODE_SIGN_STYLE = Automatic;
				CURRENT_PROJECT_VERSION = 1;
				DEVELOPMENT_TEAM = XHA76UVA95;
				GENERATE_INFOPLIST_FILE = YES;
				MACOSX_DEPLOYMENT_TARGET = 15.0;
				MARKETING_VERSION = 1.0;
				PRODUCT_BUNDLE_IDENTIFIER = app.noctiluca.client.tests;
				PRODUCT_NAME = "$(TARGET_NAME)";
				STRING_CATALOG_GENERATE_SYMBOLS = NO;
				SWIFT_APPROACHABLE_CONCURRENCY = YES;
				SWIFT_DEFAULT_ACTOR_ISOLATION = nonisolated;
				SWIFT_EMIT_LOC_STRINGS = NO;
				SWIFT_UPCOMING_FEATURE_MEMBER_IMPORT_VISIBILITY = YES;
				SWIFT_VERSION = 6.0;
				TEST_HOST = "$(BUILT_PRODUCTS_DIR)/Noctiluca Navigator.app/$(BUNDLE_EXECUTABLE_FOLDER_PATH)/Noctiluca Navigator";
			};
			name = Debug;
		};
		F65FDE1F2EF868720014239E /* Release */ = {
			isa = XCBuildConfiguration;
			buildSettings = {
				BUNDLE_LOADER = "$(TEST_HOST)";
				CODE_SIGN_STYLE = Automatic;
				CURRENT_PROJECT_VERSION = 1;
				DEVELOPMENT_TEAM = XHA76UVA95;
				GENERATE_INFOPLIST_FILE = YES;
				MACOSX_DEPLOYMENT_TARGET = 15.0;
				MARKETING_VERSION = 1.0;
				PRODUCT_BUNDLE_IDENTIFIER = app.noctiluca.client.tests;
				PRODUCT_NAME = "$(TARGET_NAME)";
				STRING_CATALOG_GENERATE_SYMBOLS = NO;
				SWIFT_APPROACHABLE_CONCURRENCY = YES;
				SWIFT_DEFAULT_ACTOR_ISOLATION = nonisolated;
				SWIFT_EMIT_LOC_STRINGS = NO;
				SWIFT_UPCOMING_FEATURE_MEMBER_IMPORT_VISIBILITY = YES;
				SWIFT_VERSION = 6.0;
				TEST_HOST = "$(BUILT_PRODUCTS_DIR)/Noctiluca Navigator.app/$(BUNDLE_EXECUTABLE_FOLDER_PATH)/Noctiluca Navigator";
			};
			name = Release;
		};
		F6682AD52F43F8930042F213 /* Debug */ = {
			isa = XCBuildConfiguration;
			buildSettings = {
				ARCHS = "$(ARCHS_STANDARD)";
				ASSETCATALOG_COMPILER_APPICON_NAME = AppIcon_test;
				ASSETCATALOG_COMPILER_GLOBAL_ACCENT_COLOR_NAME = AccentColor;
				AUTOMATION_APPLE_EVENTS = NO;
				CODE_SIGN_STYLE = Automatic;
				COMBINE_HIDPI_IMAGES = YES;
				CURRENT_PROJECT_VERSION = 12;
				DEVELOPMENT_TEAM = XHA76UVA95;
				ENABLE_APP_SANDBOX = NO;
				ENABLE_HARDENED_RUNTIME = YES;
				ENABLE_PREVIEWS = YES;
				ENABLE_RESOURCE_ACCESS_AUDIO_INPUT = NO;
				ENABLE_RESOURCE_ACCESS_CALENDARS = NO;
				ENABLE_RESOURCE_ACCESS_CAMERA = NO;
				ENABLE_RESOURCE_ACCESS_CONTACTS = NO;
				ENABLE_RESOURCE_ACCESS_LOCATION = NO;
				ENABLE_RESOURCE_ACCESS_PHOTO_LIBRARY = NO;
				EXCLUDED_ARCHS = "";
				FRAMEWORK_SEARCH_PATHS = "";
				GENERATE_INFOPLIST_FILE = YES;
				INFOPLIST_FILE = "NoctilucaClient/resources/Info-ExplicitEdition.plist";
				INFOPLIST_KEY_CFBundleDisplayName = "Noctiluca Navigator";
				INFOPLIST_KEY_LSApplicationCategoryType = "public.app-category.utilities";
				INFOPLIST_KEY_NSHumanReadableCopyright = "© 2026 team unstablers Inc.";
				INFOPLIST_KEY_UIApplicationSceneManifest_Generation = YES;
				INFOPLIST_KEY_UILaunchScreen_Generation = YES;
				INFOPLIST_KEY_UISupportedInterfaceOrientations = "UIInterfaceOrientationLandscapeLeft UIInterfaceOrientationLandscapeRight UIInterfaceOrientationPortrait UIInterfaceOrientationPortraitUpsideDown";
				IPHONEOS_DEPLOYMENT_TARGET = 18.0;
				LD_RUNPATH_SEARCH_PATHS = (
					"$(inherited)",
					"@executable_path/Frameworks",
					"@executable_path/../Frameworks",
				);
				MACOSX_DEPLOYMENT_TARGET = 15.0;
				MARKETING_VERSION = 0.9.10;
				PRODUCT_BUNDLE_IDENTIFIER = app.noctiluca.client.unleashed;
				PRODUCT_NAME = "Noctiluca Navigator";
				REGISTER_APP_GROUPS = YES;
				RUNTIME_EXCEPTION_ALLOW_DYLD_ENVIRONMENT_VARIABLES = NO;
				RUNTIME_EXCEPTION_ALLOW_JIT = NO;
				RUNTIME_EXCEPTION_ALLOW_UNSIGNED_EXECUTABLE_MEMORY = NO;
				RUNTIME_EXCEPTION_DEBUGGING_TOOL = NO;
				RUNTIME_EXCEPTION_DISABLE_EXECUTABLE_PAGE_PROTECTION = NO;
				RUNTIME_EXCEPTION_DISABLE_LIBRARY_VALIDATION = YES;
				STRING_CATALOG_GENERATE_SYMBOLS = YES;
				SUPPORTED_PLATFORMS = macosx;
				SUPPORTS_MACCATALYST = NO;
				SWIFT_ACTIVE_COMPILATION_CONDITIONS = "DEBUG UNLEASHED_EDITION";
				SWIFT_APPROACHABLE_CONCURRENCY = YES;
				SWIFT_DEFAULT_ACTOR_ISOLATION = nonisolated;
				SWIFT_EMIT_LOC_STRINGS = YES;
				SWIFT_OBJC_BRIDGING_HEADER = "NoctilucaClient/resources/NoctilucaClient-Bridging-Header.h";
				SWIFT_UPCOMING_FEATURE_MEMBER_IMPORT_VISIBILITY = YES;
				SWIFT_VERSION = 6.0;
			};
			name = Debug;
		};
		F6682AD62F43F8930042F213 /* Release */ = {
			isa = XCBuildConfiguration;
			buildSettings = {
				ARCHS = "$(ARCHS_STANDARD)";
				ASSETCATALOG_COMPILER_APPICON_NAME = AppIcon_test;
				ASSETCATALOG_COMPILER_GLOBAL_ACCENT_COLOR_NAME = AccentColor;
				AUTOMATION_APPLE_EVENTS = NO;
				"CODE_SIGN_IDENTITY[sdk=macosx*]" = "Developer ID Application";
				CODE_SIGN_STYLE = Manual;
				COMBINE_HIDPI_IMAGES = YES;
				CURRENT_PROJECT_VERSION = 12;
				DEVELOPMENT_TEAM = "";
				"DEVELOPMENT_TEAM[sdk=macosx*]" = XHA76UVA95;
				ENABLE_APP_SANDBOX = NO;
				ENABLE_HARDENED_RUNTIME = YES;
				ENABLE_PREVIEWS = YES;
				ENABLE_RESOURCE_ACCESS_AUDIO_INPUT = NO;
				ENABLE_RESOURCE_ACCESS_CALENDARS = NO;
				ENABLE_RESOURCE_ACCESS_CAMERA = NO;
				ENABLE_RESOURCE_ACCESS_CONTACTS = NO;
				ENABLE_RESOURCE_ACCESS_LOCATION = NO;
				ENABLE_RESOURCE_ACCESS_PHOTO_LIBRARY = NO;
				EXCLUDED_ARCHS = "";
				FRAMEWORK_SEARCH_PATHS = "";
				GENERATE_INFOPLIST_FILE = YES;
				INFOPLIST_FILE = "NoctilucaClient/resources/Info-ExplicitEdition.plist";
				INFOPLIST_KEY_CFBundleDisplayName = "Noctiluca Navigator";
				INFOPLIST_KEY_LSApplicationCategoryType = "public.app-category.utilities";
				INFOPLIST_KEY_NSHumanReadableCopyright = "© 2026 team unstablers Inc.";
				INFOPLIST_KEY_UIApplicationSceneManifest_Generation = YES;
				INFOPLIST_KEY_UILaunchScreen_Generation = YES;
				INFOPLIST_KEY_UISupportedInterfaceOrientations = "UIInterfaceOrientationLandscapeLeft UIInterfaceOrientationLandscapeRight UIInterfaceOrientationPortrait UIInterfaceOrientationPortraitUpsideDown";
				IPHONEOS_DEPLOYMENT_TARGET = 18.0;
				LD_RUNPATH_SEARCH_PATHS = (
					"$(inherited)",
					"@executable_path/Frameworks",
					"@executable_path/../Frameworks",
				);
				MACOSX_DEPLOYMENT_TARGET = 15.0;
				MARKETING_VERSION = 0.9.10;
				ONLY_ACTIVE_ARCH = NO;
				PRODUCT_BUNDLE_IDENTIFIER = app.noctiluca.client.unleashed;
				PRODUCT_NAME = "Noctiluca Navigator";
				PROVISIONING_PROFILE_SPECIFIER = "";
				"PROVISIONING_PROFILE_SPECIFIER[sdk=macosx*]" = "Noctiluca Navigator (Unleashed)";
				REGISTER_APP_GROUPS = YES;
				RUNTIME_EXCEPTION_ALLOW_DYLD_ENVIRONMENT_VARIABLES = NO;
				RUNTIME_EXCEPTION_ALLOW_JIT = NO;
				RUNTIME_EXCEPTION_ALLOW_UNSIGNED_EXECUTABLE_MEMORY = NO;
				RUNTIME_EXCEPTION_DEBUGGING_TOOL = NO;
				RUNTIME_EXCEPTION_DISABLE_EXECUTABLE_PAGE_PROTECTION = NO;
				RUNTIME_EXCEPTION_DISABLE_LIBRARY_VALIDATION = YES;
				STRING_CATALOG_GENERATE_SYMBOLS = YES;
				SUPPORTED_PLATFORMS = macosx;
				SUPPORTS_MACCATALYST = NO;
				SWIFT_ACTIVE_COMPILATION_CONDITIONS = UNLEASHED_EDITION;
				SWIFT_APPROACHABLE_CONCURRENCY = YES;
				SWIFT_DEFAULT_ACTOR_ISOLATION = nonisolated;
				SWIFT_EMIT_LOC_STRINGS = YES;
				SWIFT_OBJC_BRIDGING_HEADER = "NoctilucaClient/resources/NoctilucaClient-Bridging-Header.h";
				SWIFT_UPCOMING_FEATURE_MEMBER_IMPORT_VISIBILITY = YES;
				SWIFT_VERSION = 6.0;
			};
			name = Release;
		};
		F6BD3E9F2EDA1AF8000011DF /* Debug */ = {
			isa = XCBuildConfiguration;
			buildSettings = {
				ALWAYS_SEARCH_USER_PATHS = NO;
				ASSETCATALOG_COMPILER_GENERATE_SWIFT_ASSET_SYMBOL_EXTENSIONS = YES;
				CLANG_ANALYZER_NONNULL = YES;
				CLANG_ANALYZER_NUMBER_OBJECT_CONVERSION = YES_AGGRESSIVE;
				CLANG_CXX_LANGUAGE_STANDARD = "gnu++20";
				CLANG_ENABLE_MODULES = YES;
				CLANG_ENABLE_OBJC_ARC = YES;
				CLANG_ENABLE_OBJC_WEAK = YES;
				CLANG_WARN_BLOCK_CAPTURE_AUTORELEASING = YES;
				CLANG_WARN_BOOL_CONVERSION = YES;
				CLANG_WARN_COMMA = YES;
				CLANG_WARN_CONSTANT_CONVERSION = YES;
				CLANG_WARN_DEPRECATED_OBJC_IMPLEMENTATIONS = YES;
				CLANG_WARN_DIRECT_OBJC_ISA_USAGE = YES_ERROR;
				CLANG_WARN_DOCUMENTATION_COMMENTS = YES;
				CLANG_WARN_EMPTY_BODY = YES;
				CLANG_WARN_ENUM_CONVERSION = YES;
				CLANG_WARN_INFINITE_RECURSION = YES;
				CLANG_WARN_INT_CONVERSION = YES;
				CLANG_WARN_NON_LITERAL_NULL_CONVERSION = YES;
				CLANG_WARN_OBJC_IMPLICIT_RETAIN_SELF = YES;
				CLANG_WARN_OBJC_LITERAL_CONVERSION = YES;
				CLANG_WARN_OBJC_ROOT_CLASS = YES_ERROR;
				CLANG_WARN_QUOTED_INCLUDE_IN_FRAMEWORK_HEADER = YES;
				CLANG_WARN_RANGE_LOOP_ANALYSIS = YES;
				CLANG_WARN_STRICT_PROTOTYPES = YES;
				CLANG_WARN_SUSPICIOUS_MOVE = YES;
				CLANG_WARN_UNGUARDED_AVAILABILITY = YES_AGGRESSIVE;
				CLANG_WARN_UNREACHABLE_CODE = YES;
				CLANG_WARN__DUPLICATE_METHOD_MATCH = YES;
				COPY_PHASE_STRIP = NO;
				DEBUG_INFORMATION_FORMAT = dwarf;
				DEVELOPMENT_TEAM = XHA76UVA95;
				ENABLE_STRICT_OBJC_MSGSEND = YES;
				ENABLE_TESTABILITY = YES;
				ENABLE_USER_SCRIPT_SANDBOXING = YES;
				GCC_C_LANGUAGE_STANDARD = gnu17;
				GCC_DYNAMIC_NO_PIC = NO;
				GCC_NO_COMMON_BLOCKS = YES;
				GCC_OPTIMIZATION_LEVEL = 0;
				GCC_PREPROCESSOR_DEFINITIONS = (
					"DEBUG=1",
					"$(inherited)",
				);
				GCC_WARN_64_TO_32_BIT_CONVERSION = YES;
				GCC_WARN_ABOUT_RETURN_TYPE = YES_ERROR;
				GCC_WARN_UNDECLARED_SELECTOR = YES;
				GCC_WARN_UNINITIALIZED_AUTOS = YES_AGGRESSIVE;
				GCC_WARN_UNUSED_FUNCTION = YES;
				GCC_WARN_UNUSED_VARIABLE = YES;
				LOCALIZATION_PREFERS_STRING_CATALOGS = YES;
				MACOSX_DEPLOYMENT_TARGET = 26.1;
				MTL_ENABLE_DEBUG_INFO = INCLUDE_SOURCE;
				MTL_FAST_MATH = YES;
				ONLY_ACTIVE_ARCH = YES;
				SDKROOT = macosx;
				SWIFT_ACTIVE_COMPILATION_CONDITIONS = "DEBUG $(inherited)";
				SWIFT_EMIT_LOC_STRINGS = YES;
				SWIFT_OPTIMIZATION_LEVEL = "-Onone";
			};
			name = Debug;
		};
		F6BD3EA02EDA1AF8000011DF /* Release */ = {
			isa = XCBuildConfiguration;
			buildSettings = {
				ALWAYS_SEARCH_USER_PATHS = NO;
				ASSETCATALOG_COMPILER_GENERATE_SWIFT_ASSET_SYMBOL_EXTENSIONS = YES;
				CLANG_ANALYZER_NONNULL = YES;
				CLANG_ANALYZER_NUMBER_OBJECT_CONVERSION = YES_AGGRESSIVE;
				CLANG_CXX_LANGUAGE_STANDARD = "gnu++20";
				CLANG_ENABLE_MODULES = YES;
				CLANG_ENABLE_OBJC_ARC = YES;
				CLANG_ENABLE_OBJC_WEAK = YES;
				CLANG_WARN_BLOCK_CAPTURE_AUTORELEASING = YES;
				CLANG_WARN_BOOL_CONVERSION = YES;
				CLANG_WARN_COMMA = YES;
				CLANG_WARN_CONSTANT_CONVERSION = YES;
				CLANG_WARN_DEPRECATED_OBJC_IMPLEMENTATIONS = YES;
				CLANG_WARN_DIRECT_OBJC_ISA_USAGE = YES_ERROR;
				CLANG_WARN_DOCUMENTATION_COMMENTS = YES;
				CLANG_WARN_EMPTY_BODY = YES;
				CLANG_WARN_ENUM_CONVERSION = YES;
				CLANG_WARN_INFINITE_RECURSION = YES;
				CLANG_WARN_INT_CONVERSION = YES;
				CLANG_WARN_NON_LITERAL_NULL_CONVERSION = YES;
				CLANG_WARN_OBJC_IMPLICIT_RETAIN_SELF = YES;
				CLANG_WARN_OBJC_LITERAL_CONVERSION = YES;
				CLANG_WARN_OBJC_ROOT_CLASS = YES_ERROR;
				CLANG_WARN_QUOTED_INCLUDE_IN_FRAMEWORK_HEADER = YES;
				CLANG_WARN_RANGE_LOOP_ANALYSIS = YES;
				CLANG_WARN_STRICT_PROTOTYPES = YES;
				CLANG_WARN_SUSPICIOUS_MOVE = YES;
				CLANG_WARN_UNGUARDED_AVAILABILITY = YES_AGGRESSIVE;
				CLANG_WARN_UNREACHABLE_CODE = YES;
				CLANG_WARN__DUPLICATE_METHOD_MATCH = YES;
				COPY_PHASE_STRIP = NO;
				DEBUG_INFORMATION_FORMAT = "dwarf-with-dsym";
				DEVELOPMENT_TEAM = XHA76UVA95;
				ENABLE_NS_ASSERTIONS = NO;
				ENABLE_STRICT_OBJC_MSGSEND = YES;
				ENABLE_USER_SCRIPT_SANDBOXING = YES;
				GCC_C_LANGUAGE_STANDARD = gnu17;
				GCC_NO_COMMON_BLOCKS = YES;
				GCC_WARN_64_TO_32_BIT_CONVERSION = YES;
				GCC_WARN_ABOUT_RETURN_TYPE = YES_ERROR;
				GCC_WARN_UNDECLARED_SELECTOR = YES;
				GCC_WARN_UNINITIALIZED_AUTOS = YES_AGGRESSIVE;
				GCC_WARN_UNUSED_FUNCTION = YES;
				GCC_WARN_UNUSED_VARIABLE = YES;
				LOCALIZATION_PREFERS_STRING_CATALOGS = YES;
				MACOSX_DEPLOYMENT_TARGET = 26.1;
				MTL_ENABLE_DEBUG_INFO = NO;
				MTL_FAST_MATH = YES;
				SDKROOT = macosx;
				SWIFT_COMPILATION_MODE = wholemodule;
				SWIFT_EMIT_LOC_STRINGS = YES;
			};
			name = Release;
		};
		F6BD3EA22EDA1AF8000011DF /* Debug */ = {
			isa = XCBuildConfiguration;
			buildSettings = {
				ARCHS = "$(ARCHS_STANDARD)";
				ASSETCATALOG_COMPILER_APPICON_NAME = AppIcon_test;
				ASSETCATALOG_COMPILER_GLOBAL_ACCENT_COLOR_NAME = AccentColor;
				CODE_SIGN_STYLE = Automatic;
				COMBINE_HIDPI_IMAGES = YES;
				CURRENT_PROJECT_VERSION = 14;
				DEVELOPMENT_TEAM = XHA76UVA95;
				ENABLE_APP_SANDBOX = YES;
				ENABLE_HARDENED_RUNTIME = YES;
				ENABLE_INCOMING_NETWORK_CONNECTIONS = NO;
				ENABLE_OUTGOING_NETWORK_CONNECTIONS = YES;
				ENABLE_PREVIEWS = YES;
				ENABLE_RESOURCE_ACCESS_AUDIO_INPUT = NO;
				ENABLE_RESOURCE_ACCESS_BLUETOOTH = NO;
				ENABLE_RESOURCE_ACCESS_CALENDARS = NO;
				ENABLE_RESOURCE_ACCESS_CAMERA = NO;
				ENABLE_RESOURCE_ACCESS_CONTACTS = NO;
				ENABLE_RESOURCE_ACCESS_LOCATION = NO;
				ENABLE_RESOURCE_ACCESS_PRINTING = NO;
				ENABLE_RESOURCE_ACCESS_USB = NO;
				ENABLE_USER_SELECTED_FILES = readonly;
				EXCLUDED_ARCHS = "";
				FRAMEWORK_SEARCH_PATHS = "";
				GENERATE_INFOPLIST_FILE = YES;
				INFOPLIST_FILE = NoctilucaClient/resources/Info.plist;
				INFOPLIST_KEY_CFBundleDisplayName = "Noctiluca Navigator";
				INFOPLIST_KEY_LSApplicationCategoryType = "public.app-category.utilities";
				INFOPLIST_KEY_NSHumanReadableCopyright = "© 2026 team unstablers Inc.";
				INFOPLIST_KEY_UIApplicationSceneManifest_Generation = YES;
				INFOPLIST_KEY_UILaunchScreen_Generation = YES;
				INFOPLIST_KEY_UISupportedInterfaceOrientations = "UIInterfaceOrientationLandscapeLeft UIInterfaceOrientationLandscapeRight UIInterfaceOrientationPortrait UIInterfaceOrientationPortraitUpsideDown";
				IPHONEOS_DEPLOYMENT_TARGET = 18.0;
				LD_RUNPATH_SEARCH_PATHS = (
					"$(inherited)",
					"@executable_path/Frameworks",
					"@executable_path/../Frameworks",
				);
				MACOSX_DEPLOYMENT_TARGET = 15.0;
				MARKETING_VERSION = 0.9.11;
				PRODUCT_BUNDLE_IDENTIFIER = app.noctiluca.client;
				PRODUCT_NAME = "Noctiluca Navigator";
				REGISTER_APP_GROUPS = YES;
				STRING_CATALOG_GENERATE_SYMBOLS = YES;
				SUPPORTED_PLATFORMS = "iphoneos iphonesimulator macosx";
				SUPPORTS_MACCATALYST = NO;
				SWIFT_APPROACHABLE_CONCURRENCY = YES;
				SWIFT_DEFAULT_ACTOR_ISOLATION = nonisolated;
				SWIFT_EMIT_LOC_STRINGS = YES;
				SWIFT_OBJC_BRIDGING_HEADER = "NoctilucaClient/resources/NoctilucaClient-Bridging-Header.h";
				SWIFT_UPCOMING_FEATURE_MEMBER_IMPORT_VISIBILITY = YES;
				SWIFT_VERSION = 6.0;
				TARGETED_DEVICE_FAMILY = "1,2";
			};
			name = Debug;
		};
		F6BD3EA32EDA1AF8000011DF /* Release */ = {
			isa = XCBuildConfiguration;
			buildSettings = {
				ARCHS = "$(ARCHS_STANDARD)";
				ASSETCATALOG_COMPILER_APPICON_NAME = AppIcon_test;
				ASSETCATALOG_COMPILER_GLOBAL_ACCENT_COLOR_NAME = AccentColor;
				CODE_SIGN_STYLE = Automatic;
				COMBINE_HIDPI_IMAGES = YES;
				CURRENT_PROJECT_VERSION = 14;
				DEVELOPMENT_TEAM = XHA76UVA95;
				ENABLE_APP_SANDBOX = YES;
				ENABLE_HARDENED_RUNTIME = YES;
				ENABLE_INCOMING_NETWORK_CONNECTIONS = NO;
				ENABLE_OUTGOING_NETWORK_CONNECTIONS = YES;
				ENABLE_PREVIEWS = YES;
				ENABLE_RESOURCE_ACCESS_AUDIO_INPUT = NO;
				ENABLE_RESOURCE_ACCESS_BLUETOOTH = NO;
				ENABLE_RESOURCE_ACCESS_CALENDARS = NO;
				ENABLE_RESOURCE_ACCESS_CAMERA = NO;
				ENABLE_RESOURCE_ACCESS_CONTACTS = NO;
				ENABLE_RESOURCE_ACCESS_LOCATION = NO;
				ENABLE_RESOURCE_ACCESS_PRINTING = NO;
				ENABLE_RESOURCE_ACCESS_USB = NO;
				ENABLE_USER_SELECTED_FILES = readonly;
				EXCLUDED_ARCHS = "";
				FRAMEWORK_SEARCH_PATHS = "";
				GENERATE_INFOPLIST_FILE = YES;
				INFOPLIST_FILE = NoctilucaClient/resources/Info.plist;
				INFOPLIST_KEY_CFBundleDisplayName = "Noctiluca Navigator";
				INFOPLIST_KEY_LSApplicationCategoryType = "public.app-category.utilities";
				INFOPLIST_KEY_NSHumanReadableCopyright = "© 2026 team unstablers Inc.";
				INFOPLIST_KEY_UIApplicationSceneManifest_Generation = YES;
				INFOPLIST_KEY_UILaunchScreen_Generation = YES;
				INFOPLIST_KEY_UISupportedInterfaceOrientations = "UIInterfaceOrientationLandscapeLeft UIInterfaceOrientationLandscapeRight UIInterfaceOrientationPortrait UIInterfaceOrientationPortraitUpsideDown";
				IPHONEOS_DEPLOYMENT_TARGET = 18.0;
				LD_RUNPATH_SEARCH_PATHS = (
					"$(inherited)",
					"@executable_path/Frameworks",
					"@executable_path/../Frameworks",
				);
				MACOSX_DEPLOYMENT_TARGET = 15.0;
				MARKETING_VERSION = 0.9.11;
				ONLY_ACTIVE_ARCH = NO;
				PRODUCT_BUNDLE_IDENTIFIER = app.noctiluca.client;
				PRODUCT_NAME = "Noctiluca Navigator";
				REGISTER_APP_GROUPS = YES;
				STRING_CATALOG_GENERATE_SYMBOLS = YES;
				SUPPORTED_PLATFORMS = "iphoneos iphonesimulator macosx";
				SUPPORTS_MACCATALYST = NO;
				SWIFT_APPROACHABLE_CONCURRENCY = YES;
				SWIFT_DEFAULT_ACTOR_ISOLATION = nonisolated;
				SWIFT_EMIT_LOC_STRINGS = YES;
				SWIFT_OBJC_BRIDGING_HEADER = "NoctilucaClient/resources/NoctilucaClient-Bridging-Header.h";
				SWIFT_UPCOMING_FEATURE_MEMBER_IMPORT_VISIBILITY = YES;
				SWIFT_VERSION = 6.0;
				TARGETED_DEVICE_FAMILY = "1,2";
			};
			name = Release;
		};
/* End XCBuildConfiguration section */

/* Begin XCConfigurationList section */
		F65FDE1D2EF868720014239E /* Build configuration list for PBXNativeTarget "NoctilucaClientTests" */ = {
			isa = XCConfigurationList;
			buildConfigurations = (
				F65FDE1E2EF868720014239E /* Debug */,
				F65FDE1F2EF868720014239E /* Release */,
			);
			defaultConfigurationIsVisible = 0;
			defaultConfigurationName = Release;
		};
		F6682AD42F43F8930042F213 /* Build configuration list for PBXNativeTarget "Noctiluca Navigator UE" */ = {
			isa = XCConfigurationList;
			buildConfigurations = (
				F6682AD52F43F8930042F213 /* Debug */,
				F6682AD62F43F8930042F213 /* Release */,
			);
			defaultConfigurationIsVisible = 0;
			defaultConfigurationName = Release;
		};
		F6BD3E912EDA1AF6000011DF /* Build configuration list for PBXProject "NoctilucaClient" */ = {
			isa = XCConfigurationList;
			buildConfigurations = (
				F6BD3E9F2EDA1AF8000011DF /* Debug */,
				F6BD3EA02EDA1AF8000011DF /* Release */,
			);
			defaultConfigurationIsVisible = 0;
			defaultConfigurationName = Release;
		};
		F6BD3EA12EDA1AF8000011DF /* Build configuration list for PBXNativeTarget "Noctiluca Navigator" */ = {
			isa = XCConfigurationList;
			buildConfigurations = (
				F6BD3EA22EDA1AF8000011DF /* Debug */,
				F6BD3EA32EDA1AF8000011DF /* Release */,
			);
			defaultConfigurationIsVisible = 0;
			defaultConfigurationName = Release;
		};
/* End XCConfigurationList section */

/* Begin XCLocalSwiftPackageReference section */
		F62FAECB2F326AB400801A5B /* XCLocalSwiftPackageReference "../../swift-msquic" */ = {
			isa = XCLocalSwiftPackageReference;
			relativePath = "../../swift-msquic";
		};
/* End XCLocalSwiftPackageReference section */

/* Begin XCRemoteSwiftPackageReference section */
		F627116B2F08626200E8A3D7 /* XCRemoteSwiftPackageReference "zstd" */ = {
			isa = XCRemoteSwiftPackageReference;
			repositoryURL = "https://github.com/facebook/zstd";
			requirement = {
				kind = exactVersion;
				version = 1.5.7;
			};
		};
		F63971282F1CCCFD00F01622 /* XCRemoteSwiftPackageReference "Xuanxue" */ = {
			isa = XCRemoteSwiftPackageReference;
			repositoryURL = "https://github.com/team-unstablers/Xuanxue.git";
			requirement = {
				kind = upToNextMajorVersion;
				minimumVersion = 1.0.5;
			};
		};
		F64AF1622F6C5D8300C0EDD8 /* XCRemoteSwiftPackageReference "Sparkle" */ = {
			isa = XCRemoteSwiftPackageReference;
			repositoryURL = "https://github.com/sparkle-project/Sparkle";
			requirement = {
				kind = upToNextMajorVersion;
				minimumVersion = 2.9.0;
			};
		};
		F6682ABF2F43F8930042F213 /* XCRemoteSwiftPackageReference "swift-async-algorithms" */ = {
			isa = XCRemoteSwiftPackageReference;
			repositoryURL = "https://github.com/apple/swift-async-algorithms.git";
			requirement = {
				kind = upToNextMajorVersion;
				minimumVersion = 1.1.1;
			};
		};
		F6682AC12F43F8930042F213 /* XCRemoteSwiftPackageReference "zstd" */ = {
			isa = XCRemoteSwiftPackageReference;
			repositoryURL = "https://github.com/facebook/zstd";
			requirement = {
				kind = exactVersion;
				version = 1.5.7;
			};
		};
		F6682AC42F43F8930042F213 /* XCRemoteSwiftPackageReference "Xuanxue" */ = {
			isa = XCRemoteSwiftPackageReference;
			repositoryURL = "https://github.com/team-unstablers/Xuanxue.git";
			requirement = {
				kind = upToNextMajorVersion;
				minimumVersion = 1.0.4;
			};
		};
		F6C2ADFB2EFDCD960089E63C /* XCRemoteSwiftPackageReference "swift-async-algorithms" */ = {
			isa = XCRemoteSwiftPackageReference;
			repositoryURL = "https://github.com/apple/swift-async-algorithms.git";
			requirement = {
				kind = upToNextMajorVersion;
				minimumVersion = 1.1.1;
			};
		};
/* End XCRemoteSwiftPackageReference section */

/* Begin XCSwiftPackageProductDependency section */
		F621CB092F8AE97700AEF0FA /* NoctilucaLibVPXDecoder */ = {
			isa = XCSwiftPackageProductDependency;
			productName = NoctilucaLibVPXDecoder;
		};
		F621CB0C2F8AE97F00AEF0FA /* NoctilucaLibVPXDecoder */ = {
			isa = XCSwiftPackageProductDependency;
			productName = NoctilucaLibVPXDecoder;
		};
		F627116C2F08626200E8A3D7 /* libzstd */ = {
			isa = XCSwiftPackageProductDependency;
			package = F627116B2F08626200E8A3D7 /* XCRemoteSwiftPackageReference "zstd" */;
			productName = libzstd;
		};
		F64AF1632F6C5D8300C0EDD8 /* Sparkle */ = {
			isa = XCSwiftPackageProductDependency;
			package = F64AF1622F6C5D8300C0EDD8 /* XCRemoteSwiftPackageReference "Sparkle" */;
			productName = Sparkle;
		};
		F6682ABE2F43F8930042F213 /* AsyncAlgorithms */ = {
			isa = XCSwiftPackageProductDependency;
			package = F6682ABF2F43F8930042F213 /* XCRemoteSwiftPackageReference "swift-async-algorithms" */;
			productName = AsyncAlgorithms;
		};
		F6682AC02F43F8930042F213 /* libzstd */ = {
			isa = XCSwiftPackageProductDependency;
			package = F6682AC12F43F8930042F213 /* XCRemoteSwiftPackageReference "zstd" */;
			productName = libzstd;
		};
		F6682AC22F43F8930042F213 /* SiriusKitClient */ = {
			isa = XCSwiftPackageProductDependency;
			productName = SiriusKitClient;
		};
		F6682AC32F43F8930042F213 /* Xuanxue */ = {
			isa = XCSwiftPackageProductDependency;
			package = F6682AC42F43F8930042F213 /* XCRemoteSwiftPackageReference "Xuanxue" */;
			productName = Xuanxue;
		};
		F6682AC52F43F8930042F213 /* NoctilucaWebPDecoder */ = {
			isa = XCSwiftPackageProductDependency;
			productName = NoctilucaWebPDecoder;
		};
		F686CFF02F3A34C8004383CF /* NoctilucaWebPDecoder */ = {
			isa = XCSwiftPackageProductDependency;
			productName = NoctilucaWebPDecoder;
		};
		F69644AB2F3296D30093CFC2 /* Xuanxue */ = {
			isa = XCSwiftPackageProductDependency;
			package = F63971282F1CCCFD00F01622 /* XCRemoteSwiftPackageReference "Xuanxue" */;
			productName = Xuanxue;
		};
		F6C2ADFC2EFDCD960089E63C /* AsyncAlgorithms */ = {
			isa = XCSwiftPackageProductDependency;
			package = F6C2ADFB2EFDCD960089E63C /* XCRemoteSwiftPackageReference "swift-async-algorithms" */;
			productName = AsyncAlgorithms;
		};
		F6F98E7C2F306B6C0024513A /* SiriusKitClient */ = {
			isa = XCSwiftPackageProductDependency;
			productName = SiriusKitClient;
		};
/* End XCSwiftPackageProductDependency section */
	};
	rootObject = F6BD3E8E2EDA1AF6000011DF /* Project object */;
}
