// !$*UTF8*$!
{
	archiveVersion = 1;
	classes = {
	};
	objectVersion = 77;
	objects = {

/* Begin PBXAggregateTarget section */
		F6EEA0E42ECF29B300D8E961 /* msgdef_swift */ = {
			isa = PBXAggregateTarget;
			buildConfigurationList = F6EEA0E52ECF29B300D8E961 /* Build configuration list for PBXAggregateTarget "msgdef_swift" */;
			buildPhases = (
				F6EEA0E82ECF29B700D8E961 /* ShellScript */,
			);
			dependencies = (
			);
			name = msgdef_swift;
			packageProductDependencies = (
			);
			productName = msgdef_swift;
		};
/* End PBXAggregateTarget section */

/* Begin PBXBuildFile section */
		F6EEA5E22ECF2D8200D8E961 /* SwiftProtobuf in Frameworks */ = {isa = PBXBuildFile; productRef = F6EEA5E12ECF2D8200D8E961 /* SwiftProtobuf */; };
/* End PBXBuildFile section */

/* Begin PBXContainerItemProxy section */
		F6EEA5DE2ECF2CFD00D8E961 /* PBXContainerItemProxy */ = {
			isa = PBXContainerItemProxy;
			containerPortal = F66965202ECF26FD0032EF4E /* Project object */;
			proxyType = 1;
			remoteGlobalIDString = F6EEA0E42ECF29B300D8E961;
			remoteInfo = msgdef_swift;
		};
/* End PBXContainerItemProxy section */

/* Begin PBXFileReference section */
		F66965292ECF26FD0032EF4E /* SiriusKit.framework */ = {isa = PBXFileReference; explicitFileType = wrapper.framework; includeInIndex = 0; path = SiriusKit.framework; sourceTree = BUILT_PRODUCTS_DIR; };
/* End PBXFileReference section */

/* Begin PBXFileSystemSynchronizedRootGroup section */
		F669652B2ECF26FD0032EF4E /* SiriusKit */ = {
			isa = PBXFileSystemSynchronizedRootGroup;
			path = SiriusKit;
			sourceTree = "<group>";
		};
		F669656B2ECF28AC0032EF4E /* dependencies */ = {
			isa = PBXFileSystemSynchronizedRootGroup;
			path = dependencies;
			sourceTree = "<group>";
		};
		F69147952ED1E6B000A320E2 /* llm-tasks */ = {
			isa = PBXFileSystemSynchronizedRootGroup;
			path = "llm-tasks";
			sourceTree = "<group>";
		};
/* End PBXFileSystemSynchronizedRootGroup section */

/* Begin PBXFrameworksBuildPhase section */
		F66965262ECF26FD0032EF4E /* Frameworks */ = {
			isa = PBXFrameworksBuildPhase;
			buildActionMask = 2147483647;
			files = (
				F6EEA5E22ECF2D8200D8E961 /* SwiftProtobuf in Frameworks */,
			);
			runOnlyForDeploymentPostprocessing = 0;
		};
/* End PBXFrameworksBuildPhase section */

/* Begin PBXGroup section */
		F669651F2ECF26FD0032EF4E = {
			isa = PBXGroup;
			children = (
				F69147952ED1E6B000A320E2 /* llm-tasks */,
				F669656B2ECF28AC0032EF4E /* dependencies */,
				F669652B2ECF26FD0032EF4E /* SiriusKit */,
				F669652A2ECF26FD0032EF4E /* Products */,
			);
			sourceTree = "<group>";
		};
		F669652A2ECF26FD0032EF4E /* Products */ = {
			isa = PBXGroup;
			children = (
				F66965292ECF26FD0032EF4E /* SiriusKit.framework */,
			);
			name = Products;
			sourceTree = "<group>";
		};
/* End PBXGroup section */

/* Begin PBXHeadersBuildPhase section */
		F66965242ECF26FD0032EF4E /* Headers */ = {
			isa = PBXHeadersBuildPhase;
			buildActionMask = 2147483647;
			files = (
			);
			runOnlyForDeploymentPostprocessing = 0;
		};
/* End PBXHeadersBuildPhase section */

/* Begin PBXNativeTarget section */
		F66965282ECF26FD0032EF4E /* SiriusKit */ = {
			isa = PBXNativeTarget;
			buildConfigurationList = F66965322ECF26FD0032EF4E /* Build configuration list for PBXNativeTarget "SiriusKit" */;
			buildPhases = (
				F66965242ECF26FD0032EF4E /* Headers */,
				F66965252ECF26FD0032EF4E /* Sources */,
				F66965262ECF26FD0032EF4E /* Frameworks */,
				F66965272ECF26FD0032EF4E /* Resources */,
			);
			buildRules = (
			);
			dependencies = (
				F6EEA5DF2ECF2CFD00D8E961 /* PBXTargetDependency */,
			);
			fileSystemSynchronizedGroups = (
				F669652B2ECF26FD0032EF4E /* SiriusKit */,
				F69147952ED1E6B000A320E2 /* llm-tasks */,
			);
			name = SiriusKit;
			packageProductDependencies = (
				F6EEA5E12ECF2D8200D8E961 /* SwiftProtobuf */,
			);
			productName = SiriusKit;
			productReference = F66965292ECF26FD0032EF4E /* SiriusKit.framework */;
			productType = "com.apple.product-type.framework";
		};
/* End PBXNativeTarget section */

/* Begin PBXProject section */
		F66965202ECF26FD0032EF4E /* Project object */ = {
			isa = PBXProject;
			attributes = {
				BuildIndependentTargetsInParallel = 1;
				LastSwiftUpdateCheck = 2610;
				LastUpgradeCheck = 2610;
				TargetAttributes = {
					F66965282ECF26FD0032EF4E = {
						CreatedOnToolsVersion = 26.1;
					};
					F6EEA0E42ECF29B300D8E961 = {
						CreatedOnToolsVersion = 26.1;
					};
				};
			};
			buildConfigurationList = F66965232ECF26FD0032EF4E /* Build configuration list for PBXProject "SiriusKit" */;
			developmentRegion = en;
			hasScannedForEncodings = 0;
			knownRegions = (
				en,
				Base,
			);
			mainGroup = F669651F2ECF26FD0032EF4E;
			minimizedProjectReferenceProxies = 1;
			packageReferences = (
				F6EEA5E02ECF2D8200D8E961 /* XCRemoteSwiftPackageReference "swift-protobuf" */,
			);
			preferredProjectObjectVersion = 77;
			productRefGroup = F669652A2ECF26FD0032EF4E /* Products */;
			projectDirPath = "";
			projectRoot = "";
			targets = (
				F66965282ECF26FD0032EF4E /* SiriusKit */,
				F6EEA0E42ECF29B300D8E961 /* msgdef_swift */,
			);
		};
/* End PBXProject section */

/* Begin PBXResourcesBuildPhase section */
		F66965272ECF26FD0032EF4E /* Resources */ = {
			isa = PBXResourcesBuildPhase;
			buildActionMask = 2147483647;
			files = (
			);
			runOnlyForDeploymentPostprocessing = 0;
		};
/* End PBXResourcesBuildPhase section */

/* Begin PBXShellScriptBuildPhase section */
		F6EEA0E82ECF29B700D8E961 /* ShellScript */ = {
			isa = PBXShellScriptBuildPhase;
			buildActionMask = 2147483647;
			files = (
			);
			inputFileListPaths = (
			);
			inputPaths = (
				"$(SRCROOT)/dependencies/libsirius/msgdef/CMakeLists.txt",
				"$(SRCROOT)/dependencies/libsirius/msgdef/general.proto",
				"$(SRCROOT)/dependencies/libsirius/msgdef/v1/session.proto",
				"$(SRCROOT)/dependencies/libsirius/msgdef/v1/channels.proto",
				"$(SRCROOT)/dependencies/libsirius/msgdef/v1/channels/hidio.proto",
				"$(SRCROOT)/dependencies/libsirius/msgdef/v1/channels/clipboard.proto",
				"$(SRCROOT)/dependencies/libsirius/msgdef/v1/channels/display/projection.proto",
				"$(SRCROOT)/dependencies/libsirius/msgdef/v1/channels/display/winman.proto",
			);
			outputFileListPaths = (
			);
			outputPaths = (
			);
			runOnlyForDeploymentPostprocessing = 0;
			shellPath = /bin/sh;
			shellScript = "export PATH=$PATH:/opt/homebrew/bin:/opt/homebrew/sbin\n\nLIBSIRIUS_ROOT=$SRCROOT/dependencies/libsirius\nMSGDEF_SWIFT_PREFIX=$SRCROOT/SiriusKit/autogen/\n\ncd $LIBSIRIUS_ROOT\n\ncmake -B cmake-build-debug -S . -DSIRIUS_MSGDEF_SWIFT_INSTALL_PREFIX=\"$MSGDEF_SWIFT_PREFIX\" -DSIRIUS_PROTOC_SIRIUSKIT_PLUGIN=\"/Users/cheesekun/works/noctiluca/protoc-gen-siriuskit/.build/arm64-apple-macosx/debug/protoc-gen-siriuskit\"\n\nmkdir -p $LIBSIRIUS_ROOT/cmake-build-debug/msgdef/swift/siriuskit\n\ncmake --build cmake-build-debug --target sirius_msgdef_swift\ncmake --build cmake-build-debug --target install_msgdef_swift\n";
		};
/* End PBXShellScriptBuildPhase section */

/* Begin PBXSourcesBuildPhase section */
		F66965252ECF26FD0032EF4E /* Sources */ = {
			isa = PBXSourcesBuildPhase;
			buildActionMask = 2147483647;
			files = (
			);
			runOnlyForDeploymentPostprocessing = 0;
		};
/* End PBXSourcesBuildPhase section */

/* Begin PBXTargetDependency section */
		F6EEA5DF2ECF2CFD00D8E961 /* PBXTargetDependency */ = {
			isa = PBXTargetDependency;
			target = F6EEA0E42ECF29B300D8E961 /* msgdef_swift */;
			targetProxy = F6EEA5DE2ECF2CFD00D8E961 /* PBXContainerItemProxy */;
		};
/* End PBXTargetDependency section */

/* Begin XCBuildConfiguration section */
		F66965302ECF26FD0032EF4E /* Debug */ = {
			isa = XCBuildConfiguration;
			buildSettings = {
				ALWAYS_SEARCH_USER_PATHS = NO;
				ASSETCATALOG_COMPILER_GENERATE_SWIFT_ASSET_SYMBOL_EXTENSIONS = YES;
				CLANG_ANALYZER_NONNULL = YES;
				CLANG_ANALYZER_NUMBER_OBJECT_CONVERSION = YES_AGGRESSIVE;
				CLANG_CXX_LANGUAGE_STANDARD = "gnu++20";
				CLANG_ENABLE_MODULES = YES;
				CLANG_ENABLE_OBJC_ARC = YES;
				CLANG_ENABLE_OBJC_WEAK = YES;
				CLANG_WARN_BLOCK_CAPTURE_AUTORELEASING = YES;
				CLANG_WARN_BOOL_CONVERSION = YES;
				CLANG_WARN_COMMA = YES;
				CLANG_WARN_CONSTANT_CONVERSION = YES;
				CLANG_WARN_DEPRECATED_OBJC_IMPLEMENTATIONS = YES;
				CLANG_WARN_DIRECT_OBJC_ISA_USAGE = YES_ERROR;
				CLANG_WARN_DOCUMENTATION_COMMENTS = YES;
				CLANG_WARN_EMPTY_BODY = YES;
				CLANG_WARN_ENUM_CONVERSION = YES;
				CLANG_WARN_INFINITE_RECURSION = YES;
				CLANG_WARN_INT_CONVERSION = YES;
				CLANG_WARN_NON_LITERAL_NULL_CONVERSION = YES;
				CLANG_WARN_OBJC_IMPLICIT_RETAIN_SELF = YES;
				CLANG_WARN_OBJC_LITERAL_CONVERSION = YES;
				CLANG_WARN_OBJC_ROOT_CLASS = YES_ERROR;
				CLANG_WARN_QUOTED_INCLUDE_IN_FRAMEWORK_HEADER = YES;
				CLANG_WARN_RANGE_LOOP_ANALYSIS = YES;
				CLANG_WARN_STRICT_PROTOTYPES = YES;
				CLANG_WARN_SUSPICIOUS_MOVE = YES;
				CLANG_WARN_UNGUARDED_AVAILABILITY = YES_AGGRESSIVE;
				CLANG_WARN_UNREACHABLE_CODE = YES;
				CLANG_WARN__DUPLICATE_METHOD_MATCH = YES;
				COPY_PHASE_STRIP = NO;
				CURRENT_PROJECT_VERSION = 1;
				DEBUG_INFORMATION_FORMAT = dwarf;
				DEVELOPMENT_TEAM = XHA76UVA95;
				ENABLE_STRICT_OBJC_MSGSEND = YES;
				ENABLE_TESTABILITY = YES;
				ENABLE_USER_SCRIPT_SANDBOXING = YES;
				GCC_C_LANGUAGE_STANDARD = gnu17;
				GCC_DYNAMIC_NO_PIC = NO;
				GCC_NO_COMMON_BLOCKS = YES;
				GCC_OPTIMIZATION_LEVEL = 0;
				GCC_PREPROCESSOR_DEFINITIONS = (
					"DEBUG=1",
					"$(inherited)",
				);
				GCC_WARN_64_TO_32_BIT_CONVERSION = YES;
				GCC_WARN_ABOUT_RETURN_TYPE = YES_ERROR;
				GCC_WARN_UNDECLARED_SELECTOR = YES;
				GCC_WARN_UNINITIALIZED_AUTOS = YES_AGGRESSIVE;
				GCC_WARN_UNUSED_FUNCTION = YES;
				GCC_WARN_UNUSED_VARIABLE = YES;
				LOCALIZATION_PREFERS_STRING_CATALOGS = YES;
				MACOSX_DEPLOYMENT_TARGET = 26.1;
				MTL_ENABLE_DEBUG_INFO = INCLUDE_SOURCE;
				MTL_FAST_MATH = YES;
				ONLY_ACTIVE_ARCH = YES;
				SDKROOT = macosx;
				SWIFT_ACTIVE_COMPILATION_CONDITIONS = "DEBUG $(inherited)";
				SWIFT_OPTIMIZATION_LEVEL = "-Onone";
				VERSIONING_SYSTEM = "apple-generic";
				VERSION_INFO_PREFIX = "";
			};
			name = Debug;
		};
		F66965312ECF26FD0032EF4E /* Release */ = {
			isa = XCBuildConfiguration;
			buildSettings = {
				ALWAYS_SEARCH_USER_PATHS = NO;
				ASSETCATALOG_COMPILER_GENERATE_SWIFT_ASSET_SYMBOL_EXTENSIONS = YES;
				CLANG_ANALYZER_NONNULL = YES;
				CLANG_ANALYZER_NUMBER_OBJECT_CONVERSION = YES_AGGRESSIVE;
				CLANG_CXX_LANGUAGE_STANDARD = "gnu++20";
				CLANG_ENABLE_MODULES = YES;
				CLANG_ENABLE_OBJC_ARC = YES;
				CLANG_ENABLE_OBJC_WEAK = YES;
				CLANG_WARN_BLOCK_CAPTURE_AUTORELEASING = YES;
				CLANG_WARN_BOOL_CONVERSION = YES;
				CLANG_WARN_COMMA = YES;
				CLANG_WARN_CONSTANT_CONVERSION = YES;
				CLANG_WARN_DEPRECATED_OBJC_IMPLEMENTATIONS = YES;
				CLANG_WARN_DIRECT_OBJC_ISA_USAGE = YES_ERROR;
				CLANG_WARN_DOCUMENTATION_COMMENTS = YES;
				CLANG_WARN_EMPTY_BODY = YES;
				CLANG_WARN_ENUM_CONVERSION = YES;
				CLANG_WARN_INFINITE_RECURSION = YES;
				CLANG_WARN_INT_CONVERSION = YES;
				CLANG_WARN_NON_LITERAL_NULL_CONVERSION = YES;
				CLANG_WARN_OBJC_IMPLICIT_RETAIN_SELF = YES;
				CLANG_WARN_OBJC_LITERAL_CONVERSION = YES;
				CLANG_WARN_OBJC_ROOT_CLASS = YES_ERROR;
				CLANG_WARN_QUOTED_INCLUDE_IN_FRAMEWORK_HEADER = YES;
				CLANG_WARN_RANGE_LOOP_ANALYSIS = YES;
				CLANG_WARN_STRICT_PROTOTYPES = YES;
				CLANG_WARN_SUSPICIOUS_MOVE = YES;
				CLANG_WARN_UNGUARDED_AVAILABILITY = YES_AGGRESSIVE;
				CLANG_WARN_UNREACHABLE_CODE = YES;
				CLANG_WARN__DUPLICATE_METHOD_MATCH = YES;
				COPY_PHASE_STRIP = NO;
				CURRENT_PROJECT_VERSION = 1;
				DEBUG_INFORMATION_FORMAT = "dwarf-with-dsym";
				DEVELOPMENT_TEAM = XHA76UVA95;
				ENABLE_NS_ASSERTIONS = NO;
				ENABLE_STRICT_OBJC_MSGSEND = YES;
				ENABLE_USER_SCRIPT_SANDBOXING = YES;
				GCC_C_LANGUAGE_STANDARD = gnu17;
				GCC_NO_COMMON_BLOCKS = YES;
				GCC_WARN_64_TO_32_BIT_CONVERSION = YES;
				GCC_WARN_ABOUT_RETURN_TYPE = YES_ERROR;
				GCC_WARN_UNDECLARED_SELECTOR = YES;
				GCC_WARN_UNINITIALIZED_AUTOS = YES_AGGRESSIVE;
				GCC_WARN_UNUSED_FUNCTION = YES;
				GCC_WARN_UNUSED_VARIABLE = YES;
				LOCALIZATION_PREFERS_STRING_CATALOGS = YES;
				MACOSX_DEPLOYMENT_TARGET = 26.1;
				MTL_ENABLE_DEBUG_INFO = NO;
				MTL_FAST_MATH = YES;
				SDKROOT = macosx;
				SWIFT_COMPILATION_MODE = wholemodule;
				VERSIONING_SYSTEM = "apple-generic";
				VERSION_INFO_PREFIX = "";
			};
			name = Release;
		};
		F66965332ECF26FD0032EF4E /* Debug */ = {
			isa = XCBuildConfiguration;
			buildSettings = {
				BUILD_LIBRARY_FOR_DISTRIBUTION = YES;
				CODE_SIGN_STYLE = Automatic;
				COMBINE_HIDPI_IMAGES = YES;
				CURRENT_PROJECT_VERSION = 1;
				DEVELOPMENT_TEAM = XHA76UVA95;
				DYLIB_COMPATIBILITY_VERSION = 1;
				DYLIB_CURRENT_VERSION = 1;
				DYLIB_INSTALL_NAME_BASE = "@rpath";
				ENABLE_MODULE_VERIFIER = YES;
				GENERATE_INFOPLIST_FILE = YES;
				INFOPLIST_KEY_NSHumanReadableCopyright = "";
				INSTALL_PATH = "$(LOCAL_LIBRARY_DIR)/Frameworks";
				LD_RUNPATH_SEARCH_PATHS = (
					"$(inherited)",
					"@executable_path/../Frameworks",
					"@loader_path/Frameworks",
				);
				MARKETING_VERSION = 1.0;
				MODULE_VERIFIER_SUPPORTED_LANGUAGES = "objective-c objective-c++";
				MODULE_VERIFIER_SUPPORTED_LANGUAGE_STANDARDS = "gnu17 gnu++20";
				PRODUCT_BUNDLE_IDENTIFIER = pl.unstabler.noctiluca.SiriusKit;
				PRODUCT_NAME = "$(TARGET_NAME:c99extidentifier)";
				SKIP_INSTALL = YES;
				STRING_CATALOG_GENERATE_SYMBOLS = YES;
				SWIFT_APPROACHABLE_CONCURRENCY = YES;
				SWIFT_EMIT_LOC_STRINGS = YES;
				SWIFT_INSTALL_MODULE = YES;
				SWIFT_INSTALL_OBJC_HEADER = NO;
				SWIFT_UPCOMING_FEATURE_MEMBER_IMPORT_VISIBILITY = YES;
				SWIFT_VERSION = 5.0;
			};
			name = Debug;
		};
		F66965342ECF26FD0032EF4E /* Release */ = {
			isa = XCBuildConfiguration;
			buildSettings = {
				BUILD_LIBRARY_FOR_DISTRIBUTION = YES;
				CODE_SIGN_STYLE = Automatic;
				COMBINE_HIDPI_IMAGES = YES;
				CURRENT_PROJECT_VERSION = 1;
				DEVELOPMENT_TEAM = XHA76UVA95;
				DYLIB_COMPATIBILITY_VERSION = 1;
				DYLIB_CURRENT_VERSION = 1;
				DYLIB_INSTALL_NAME_BASE = "@rpath";
				ENABLE_MODULE_VERIFIER = YES;
				GENERATE_INFOPLIST_FILE = YES;
				INFOPLIST_KEY_NSHumanReadableCopyright = "";
				INSTALL_PATH = "$(LOCAL_LIBRARY_DIR)/Frameworks";
				LD_RUNPATH_SEARCH_PATHS = (
					"$(inherited)",
					"@executable_path/../Frameworks",
					"@loader_path/Frameworks",
				);
				MARKETING_VERSION = 1.0;
				MODULE_VERIFIER_SUPPORTED_LANGUAGES = "objective-c objective-c++";
				MODULE_VERIFIER_SUPPORTED_LANGUAGE_STANDARDS = "gnu17 gnu++20";
				PRODUCT_BUNDLE_IDENTIFIER = pl.unstabler.noctiluca.SiriusKit;
				PRODUCT_NAME = "$(TARGET_NAME:c99extidentifier)";
				SKIP_INSTALL = YES;
				STRING_CATALOG_GENERATE_SYMBOLS = YES;
				SWIFT_APPROACHABLE_CONCURRENCY = YES;
				SWIFT_EMIT_LOC_STRINGS = YES;
				SWIFT_INSTALL_MODULE = YES;
				SWIFT_INSTALL_OBJC_HEADER = NO;
				SWIFT_UPCOMING_FEATURE_MEMBER_IMPORT_VISIBILITY = YES;
				SWIFT_VERSION = 5.0;
			};
			name = Release;
		};
		F6EEA0E62ECF29B300D8E961 /* Debug */ = {
			isa = XCBuildConfiguration;
			buildSettings = {
				CODE_SIGN_STYLE = Automatic;
				DEVELOPMENT_TEAM = XHA76UVA95;
				ENABLE_USER_SCRIPT_SANDBOXING = NO;
				PRODUCT_NAME = "$(TARGET_NAME)";
			};
			name = Debug;
		};
		F6EEA0E72ECF29B300D8E961 /* Release */ = {
			isa = XCBuildConfiguration;
			buildSettings = {
				CODE_SIGN_STYLE = Automatic;
				DEVELOPMENT_TEAM = XHA76UVA95;
				ENABLE_USER_SCRIPT_SANDBOXING = NO;
				PRODUCT_NAME = "$(TARGET_NAME)";
			};
			name = Release;
		};
/* End XCBuildConfiguration section */

/* Begin XCConfigurationList section */
		F66965232ECF26FD0032EF4E /* Build configuration list for PBXProject "SiriusKit" */ = {
			isa = XCConfigurationList;
			buildConfigurations = (
				F66965302ECF26FD0032EF4E /* Debug */,
				F66965312ECF26FD0032EF4E /* Release */,
			);
			defaultConfigurationIsVisible = 0;
			defaultConfigurationName = Release;
		};
		F66965322ECF26FD0032EF4E /* Build configuration list for PBXNativeTarget "SiriusKit" */ = {
			isa = XCConfigurationList;
			buildConfigurations = (
				F66965332ECF26FD0032EF4E /* Debug */,
				F66965342ECF26FD0032EF4E /* Release */,
			);
			defaultConfigurationIsVisible = 0;
			defaultConfigurationName = Release;
		};
		F6EEA0E52ECF29B300D8E961 /* Build configuration list for PBXAggregateTarget "msgdef_swift" */ = {
			isa = XCConfigurationList;
			buildConfigurations = (
				F6EEA0E62ECF29B300D8E961 /* Debug */,
				F6EEA0E72ECF29B300D8E961 /* Release */,
			);
			defaultConfigurationIsVisible = 0;
			defaultConfigurationName = Release;
		};
/* End XCConfigurationList section */

/* Begin XCRemoteSwiftPackageReference section */
		F6EEA5E02ECF2D8200D8E961 /* XCRemoteSwiftPackageReference "swift-protobuf" */ = {
			isa = XCRemoteSwiftPackageReference;
			repositoryURL = "https://github.com/apple/swift-protobuf.git";
			requirement = {
				kind = upToNextMajorVersion;
				minimumVersion = 1.33.3;
			};
		};
/* End XCRemoteSwiftPackageReference section */

/* Begin XCSwiftPackageProductDependency section */
		F6EEA5E12ECF2D8200D8E961 /* SwiftProtobuf */ = {
			isa = XCSwiftPackageProductDependency;
			package = F6EEA5E02ECF2D8200D8E961 /* XCRemoteSwiftPackageReference "swift-protobuf" */;
			productName = SwiftProtobuf;
		};
/* End XCSwiftPackageProductDependency section */
	};
	rootObject = F66965202ECF26FD0032EF4E /* Project object */;
}
